PODS:
  - AdColony (4.1.2)
  - DTBiOSSDK (3.0.0)
  - FBAudienceNetwork (5.5.1):
    - FBSDKCoreKit/Basics (>= 5.2.1)
  - FBSDKCoreKit/Basics (5.8.0)
  - Kiwi (3.0.0)
  - MintegralAdSDK/BidInterstitialVideoAd (5.8.3):
    - MintegralAdSDK/BidNativeAd
  - MintegralAdSDK/BidNativeAd (5.8.3)
  - MintegralAdSDK/BidRewardVideoAd (5.8.3):
    - MintegralAdSDK/BidNativeAd
  - myTargetSDK (5.4.0)
  - Protobuf (3.10.0)
  - smaato-ios-sdk (21.2.0):
    - smaato-ios-sdk/Full (= 21.2.0)
  - smaato-ios-sdk/Banner (21.2.0):
    - smaato-ios-sdk/Modules/Banner
    - smaato-ios-sdk/Modules/Core
    - smaato-ios-sdk/Modules/RichMedia
  - smaato-ios-sdk/Full (21.2.0):
    - smaato-ios-sdk/Banner
    - smaato-ios-sdk/Interstitial
    - smaato-ios-sdk/RewardedAds
  - smaato-ios-sdk/Interstitial (21.2.0):
    - smaato-ios-sdk/Modules/Interstitial
    - smaato-ios-sdk/Modules/RichMedia
    - smaato-ios-sdk/Modules/Video
  - smaato-ios-sdk/Modules/Banner (21.2.0):
    - smaato-ios-sdk/Modules/Core
  - smaato-ios-sdk/Modules/Core (21.2.0)
  - smaato-ios-sdk/Modules/Interstitial (21.2.0):
    - smaato-ios-sdk/Modules/Core
  - smaato-ios-sdk/Modules/OpenMeasurement (21.2.0):
    - smaato-ios-sdk/Modules/Core
  - smaato-ios-sdk/Modules/RewardedAds (21.2.0):
    - smaato-ios-sdk/Modules/Core
  - smaato-ios-sdk/Modules/RichMedia (21.2.0):
    - smaato-ios-sdk/Modules/Core
    - smaato-ios-sdk/Modules/OpenMeasurement
  - smaato-ios-sdk/Modules/UnifiedBidding (21.2.0):
    - smaato-ios-sdk/Modules/Core
  - smaato-ios-sdk/Modules/Video (21.2.0):
    - smaato-ios-sdk/Modules/Core
    - smaato-ios-sdk/Modules/OpenMeasurement
  - smaato-ios-sdk/RewardedAds (21.2.0):
    - smaato-ios-sdk/Modules/RewardedAds
    - smaato-ios-sdk/Modules/Video
  - StackAPI/BidMachine (0.1.2):
    - Protobuf (~> 3.8)
  - StackIAB/StackMRAIDKit (0.5.4):
    - StackModules (~> 0.6.3)
  - StackIAB/StackNASTKit (0.5.4):
    - StackIAB/StackVASTKit
    - StackModules (~> 0.6.3)
  - StackIAB/StackVASTAssets (0.5.4):
    - StackIAB/StackXML
    - StackModules (~> 0.6.3)
  - StackIAB/StackVASTKit (0.5.4):
    - StackIAB/StackMRAIDKit
    - StackIAB/StackVASTAssets
    - StackIAB/StackVideoPlayer
    - StackModules (~> 0.6.3)
  - StackIAB/StackVideoPlayer (0.5.4):
    - StackModules (~> 0.6.3)
  - StackIAB/StackXML (0.5.4):
    - StackModules (~> 0.6.3)
  - StackModules (0.6.9):
    - StackModules/StackUIKit (= 0.6.9)
  - StackModules/StackFoundation (0.6.9)
  - StackModules/StackUIKit (0.6.9):
    - StackModules/StackFoundation
  - TapjoySDK (12.3.4)
  - Toast-Swift (4.0.1)
  - VungleSDK-iOS (6.4.5)

DEPENDENCIES:
  - AdColony (~> 4.1)
  - DTBiOSSDK (~> 3.0)
  - FBAudienceNetwork (~> 5.5)
  - Kiwi
  - MintegralAdSDK/BidInterstitialVideoAd (~> 5.8)
  - MintegralAdSDK/BidRewardVideoAd (~> 5.8)
  - myTargetSDK (~> 5.3)
  - Protobuf
  - smaato-ios-sdk (~> 21.2)
  - smaato-ios-sdk/Modules/UnifiedBidding (~> 21.2)
  - StackAPI/BidMachine (~> 0.1.0)
  - StackIAB/StackMRAIDKit (~> 0.5.0)
  - StackIAB/StackNASTKit (~> 0.5.0)
  - StackIAB/StackVASTKit (~> 0.5.0)
  - StackModules (~> 0.6.3)
  - StackModules/StackFoundation (~> 0.6.3)
  - StackModules/StackUIKit (~> 0.6.3)
  - TapjoySDK (~> 12.3)
  - Toast-Swift (~> 4.0.0)
  - VungleSDK-iOS (~> 6.4)

SPEC REPOS:
  https://github.com/appodeal/CocoaPods.git:
    - DTBiOSSDK
    - FBAudienceNetwork
    - StackAPI
    - StackIAB
  https://github.com/CocoaPods/Specs.git:
    - AdColony
    - FBSDKCoreKit
    - Kiwi
    - MintegralAdSDK
    - myTargetSDK
    - Protobuf
    - smaato-ios-sdk
    - StackModules
    - TapjoySDK
    - Toast-Swift
    - VungleSDK-iOS

SPEC CHECKSUMS:
  AdColony: 0a1e13349ce430ce29374c665611013fd78f792c
  DTBiOSSDK: 2591119b1fdccf1226bf53957d8f21aea5e0ce1b
  FBAudienceNetwork: d397f0736d37e4678f6061273725722da3d1328b
  FBSDKCoreKit: e7dcac0aabcfb09d0166998edd95fe3b05a0ce5d
  Kiwi: fbeafef0f00e4d8f7dcb3420a4930afe70af77f7
  MintegralAdSDK: 02144cbb6351138ebd0dd2dd259e5f5c868b890b
  myTargetSDK: 7e989946d2b28a4364e6b819fd25afcfd31f1b7b
  Protobuf: a4dc852ad69c027ca2166ed287b856697814375b
  smaato-ios-sdk: c5cb53ae857d5179065d2399c56b144a3ef652bd
  StackAPI: 222922252854078576b896250fcfb385abd24cec
  StackIAB: b620ba9d41bf6c744a2bb1c3cff7a51173cc0b96
  StackModules: ebd9bf35996712e9ea7fbb60e8fddf8c9fccc028
  TapjoySDK: 4325bc3c42ae91fed30929792a71d380c63a3c6c
  Toast-Swift: e42a638589a2f95036b4bb7626cfbdde7daf0393
  VungleSDK-iOS: 8951559521dd73c3f947757e9a4c4bbfd8645b7f

PODFILE CHECKSUM: 2d50d17c4ac20e8cdb943b0c5cf1666515587bda

COCOAPODS: 1.8.1
