// !$*UTF8*$!
{
	archiveVersion = 1;
	classes = {
	};
	objectVersion = 51;
	objects = {

/* Begin PBXBuildFile section */
		24F773B2D2506E1DAFD7BC42 /* Pods_Sample.framework in Frameworks */ = {isa = PBXBuildFile; fileRef = DE3FC264F6F94DDE5E210AC5 /* Pods_Sample.framework */; };
		421429B622A9280D0019BAA1 /* AppDelegate.swift in Sources */ = {isa = PBXBuildFile; fileRef = 421429B522A9280D0019BAA1 /* AppDelegate.swift */; };
		4220558522E1F26200E1CA89 /* libBDMAdColonyAdapter.a in Frameworks */ = {isa = PBXBuildFile; fileRef = 4220558422E1F26200E1CA89 /* libBDMAdColonyAdapter.a */; };
		4231D01722E0CAFC002852CE /* libBDMMyTargetAdapter.a in Frameworks */ = {isa = PBXBuildFile; fileRef = 4231D01622E0CAFC002852CE /* libBDMMyTargetAdapter.a */; };
		424047DD21CB6EB9005C16E1 /* NavigationTitle.xib in Resources */ = {isa = PBXBuildFile; fileRef = 424047DB21CB6EB9005C16E1 /* NavigationTitle.xib */; };
		424047DE21CB6EB9005C16E1 /* NavigationTitle.swift in Sources */ = {isa = PBXBuildFile; fileRef = 424047DC21CB6EB9005C16E1 /* NavigationTitle.swift */; };
		424047E021CB7392005C16E1 /* CornerCases.storyboard in Resources */ = {isa = PBXBuildFile; fileRef = 424047DF21CB7392005C16E1 /* CornerCases.storyboard */; };
		424A9F6821B82647008335EE /* BidMachine.framework in Frameworks */ = {isa = PBXBuildFile; fileRef = 424A9F6721B82647008335EE /* BidMachine.framework */; };
		424A9F6C21B82647008335EE /* libBDMMRAIDAdapter.a in Frameworks */ = {isa = PBXBuildFile; fileRef = 424A9F6B21B82647008335EE /* libBDMMRAIDAdapter.a */; };
		424A9F6E21B82647008335EE /* libBDMNASTAdapter.a in Frameworks */ = {isa = PBXBuildFile; fileRef = 424A9F6D21B82647008335EE /* libBDMNASTAdapter.a */; };
		424A9F7021B82647008335EE /* libBDMVASTAdapter.a in Frameworks */ = {isa = PBXBuildFile; fileRef = 424A9F6F21B82647008335EE /* libBDMVASTAdapter.a */; };
		424A9F7121B8264F008335EE /* libxml2.2.tbd in Frameworks */ = {isa = PBXBuildFile; fileRef = 651D7334218C47BB0001227B /* libxml2.2.tbd */; };
		424B185321A2E242004F113B /* HeaderView.swift in Sources */ = {isa = PBXBuildFile; fileRef = 424B185221A2E242004F113B /* HeaderView.swift */; };
		424B185521A2E264004F113B /* HeaderView.xib in Resources */ = {isa = PBXBuildFile; fileRef = 424B185421A2E264004F113B /* HeaderView.xib */; };
		424B185821A2EBAC004F113B /* EnumTableViewCell.swift in Sources */ = {isa = PBXBuildFile; fileRef = 424B185621A2EBAC004F113B /* EnumTableViewCell.swift */; };
		424B185921A2EBAC004F113B /* EnumTableViewCell.xib in Resources */ = {isa = PBXBuildFile; fileRef = 424B185721A2EBAC004F113B /* EnumTableViewCell.xib */; };
		424B185C21A2EBF5004F113B /* KeyValuePairTableViewCell.swift in Sources */ = {isa = PBXBuildFile; fileRef = 424B185A21A2EBF5004F113B /* KeyValuePairTableViewCell.swift */; };
		424B185D21A2EBF5004F113B /* KeyValuePairTableViewCell.xib in Resources */ = {isa = PBXBuildFile; fileRef = 424B185B21A2EBF5004F113B /* KeyValuePairTableViewCell.xib */; };
		424B186021A2EC35004F113B /* DataTableViewCell.swift in Sources */ = {isa = PBXBuildFile; fileRef = 424B185E21A2EC35004F113B /* DataTableViewCell.swift */; };
		424B186121A2EC35004F113B /* DataTableViewCell.xib in Resources */ = {isa = PBXBuildFile; fileRef = 424B185F21A2EC35004F113B /* DataTableViewCell.xib */; };
		424B186421A2EC4B004F113B /* BooleanTableViewCell.swift in Sources */ = {isa = PBXBuildFile; fileRef = 424B186221A2EC4B004F113B /* BooleanTableViewCell.swift */; };
		424B186521A2EC4B004F113B /* BooleanTableViewCell.xib in Resources */ = {isa = PBXBuildFile; fileRef = 424B186321A2EC4B004F113B /* BooleanTableViewCell.xib */; };
		424B186921A2F375004F113B /* DataEntities.swift in Sources */ = {isa = PBXBuildFile; fileRef = 424B186821A2F375004F113B /* DataEntities.swift */; };
		424B186B21A2F411004F113B /* DataTableViewController.swift in Sources */ = {isa = PBXBuildFile; fileRef = 424B186A21A2F411004F113B /* DataTableViewController.swift */; };
		424B186D21A2F8CE004F113B /* NibProvider.swift in Sources */ = {isa = PBXBuildFile; fileRef = 424B186C21A2F8CD004F113B /* NibProvider.swift */; };
		424B187121A425C2004F113B /* RewardedVideoVC.swift in Sources */ = {isa = PBXBuildFile; fileRef = 424B187021A425C2004F113B /* RewardedVideoVC.swift */; };
		425A779321C10AEF00DA04C9 /* GeneratableDataTableViewCell.swift in Sources */ = {isa = PBXBuildFile; fileRef = 425A779121C10AEF00DA04C9 /* GeneratableDataTableViewCell.swift */; };
		425A779421C10AEF00DA04C9 /* GeneratableDataTableViewCell.xib in Resources */ = {isa = PBXBuildFile; fileRef = 425A779221C10AEF00DA04C9 /* GeneratableDataTableViewCell.xib */; };
		42675D9122E216CE008298F5 /* libBDMVungleAdapter.a in Frameworks */ = {isa = PBXBuildFile; fileRef = 42675D9022E216CE008298F5 /* libBDMVungleAdapter.a */; };
		42708D2121A1BB9D00240630 /* ConfigurationVC.swift in Sources */ = {isa = PBXBuildFile; fileRef = 42708D1F21A1BB9D00240630 /* ConfigurationVC.swift */; };
		4273C8F521EF596500F3F94E /* Main.storyboard in Resources */ = {isa = PBXBuildFile; fileRef = D91F84A82175CC11005A92F1 /* Main.storyboard */; };
		427A0E5D2227F85B00A7416E /* CoreTelephony.framework in Frameworks */ = {isa = PBXBuildFile; fileRef = 427A0E5C2227F85B00A7416E /* CoreTelephony.framework */; };
		428AC853219C104F001CB485 /* RequestVC.swift in Sources */ = {isa = PBXBuildFile; fileRef = 428AC852219C104F001CB485 /* RequestVC.swift */; };
		42A8BE4021BD7AA80044CC8D /* ExtensionsTableViewCell.swift in Sources */ = {isa = PBXBuildFile; fileRef = 42A8BE3E21BD7AA80044CC8D /* ExtensionsTableViewCell.swift */; };
		42A8BE4121BD7AA80044CC8D /* ExtensionsTableViewCell.xib in Resources */ = {isa = PBXBuildFile; fileRef = 42A8BE3F21BD7AA80044CC8D /* ExtensionsTableViewCell.xib */; };
		42A93E4822E5ED6E005053A2 /* libBDMTapjoyAdapter.a in Frameworks */ = {isa = PBXBuildFile; fileRef = 42A93E4722E5ED6E005053A2 /* libBDMTapjoyAdapter.a */; };
		42A93E5D22E705EC005053A2 /* libBDMFacebookAdapter.a in Frameworks */ = {isa = PBXBuildFile; fileRef = 42A93E5C22E705EC005053A2 /* libBDMFacebookAdapter.a */; };
		42D730E622DE024600AEB066 /* HeaderBidding.swift in Sources */ = {isa = PBXBuildFile; fileRef = 42D730E522DE024600AEB066 /* HeaderBidding.swift */; };
		42D730E922DE028D00AEB066 /* HeaderBidding.json in Resources */ = {isa = PBXBuildFile; fileRef = 42D730E822DE028D00AEB066 /* HeaderBidding.json */; };
		42D9A76821B96AE70090C273 /* SdkContext.swift in Sources */ = {isa = PBXBuildFile; fileRef = 42D9A76721B96AE70090C273 /* SdkContext.swift */; };
		42F2C7B721BFF2A5004CFF9F /* Utilities.swift in Sources */ = {isa = PBXBuildFile; fileRef = 42F2C7B621BFF2A5004CFF9F /* Utilities.swift */; };
		42F86EC721BA7D1200B58CB5 /* StatusVC.swift in Sources */ = {isa = PBXBuildFile; fileRef = 42F86EC621BA7D1200B58CB5 /* StatusVC.swift */; };
		42F86ECC21BA7D5600B58CB5 /* LocationTableViewCell.swift in Sources */ = {isa = PBXBuildFile; fileRef = 42F86EC821BA7D5600B58CB5 /* LocationTableViewCell.swift */; };
		42F86ECD21BA7D5600B58CB5 /* StatusTableViewCell.xib in Resources */ = {isa = PBXBuildFile; fileRef = 42F86EC921BA7D5600B58CB5 /* StatusTableViewCell.xib */; };
		42F86ECE21BA7D5600B58CB5 /* StatusTableViewCell.swift in Sources */ = {isa = PBXBuildFile; fileRef = 42F86ECA21BA7D5600B58CB5 /* StatusTableViewCell.swift */; };
		42F86ECF21BA7D5600B58CB5 /* LocationTableViewCell.xib in Resources */ = {isa = PBXBuildFile; fileRef = 42F86ECB21BA7D5600B58CB5 /* LocationTableViewCell.xib */; };
		42F86ED621BA8EC700B58CB5 /* ContentTableViewCell.swift in Sources */ = {isa = PBXBuildFile; fileRef = 42F86ED221BA8EC700B58CB5 /* ContentTableViewCell.swift */; };
		42F86ED721BA8EC700B58CB5 /* NativeAdViewCell.swift in Sources */ = {isa = PBXBuildFile; fileRef = 42F86ED321BA8EC700B58CB5 /* NativeAdViewCell.swift */; };
		42F86ED821BA8EC700B58CB5 /* NativeAdViewCell.xib in Resources */ = {isa = PBXBuildFile; fileRef = 42F86ED421BA8EC700B58CB5 /* NativeAdViewCell.xib */; };
		42F86ED921BA8EC700B58CB5 /* ContentTableViewCell.xib in Resources */ = {isa = PBXBuildFile; fileRef = 42F86ED521BA8EC700B58CB5 /* ContentTableViewCell.xib */; };
		650DD9D521C8FEF50092473F /* NSBundle+Swizz.m in Sources */ = {isa = PBXBuildFile; fileRef = 650DD9D421C8FEF50092473F /* NSBundle+Swizz.m */; };
		D901693221F6030C00FECE42 /* BannerLoadingVC.swift in Sources */ = {isa = PBXBuildFile; fileRef = D901693121F6030C00FECE42 /* BannerLoadingVC.swift */; };
		D91BDE8621B28F4700C538CE /* TableViewContentEntity.swift in Sources */ = {isa = PBXBuildFile; fileRef = D91BDE8521B28F4700C538CE /* TableViewContentEntity.swift */; };
		D91F84A72175CC11005A92F1 /* InitializationVC.swift in Sources */ = {isa = PBXBuildFile; fileRef = D91F84A62175CC11005A92F1 /* InitializationVC.swift */; };
		D91F84AC2175CC12005A92F1 /* Assets.xcassets in Resources */ = {isa = PBXBuildFile; fileRef = D91F84AB2175CC12005A92F1 /* Assets.xcassets */; };
		D91F84AF2175CC12005A92F1 /* LaunchScreen.storyboard in Resources */ = {isa = PBXBuildFile; fileRef = D91F84AD2175CC12005A92F1 /* LaunchScreen.storyboard */; };
		D937DE092178759A00E11661 /* TabBarController.swift in Sources */ = {isa = PBXBuildFile; fileRef = D937DE082178759A00E11661 /* TabBarController.swift */; };
		D9393B6421AC256B007B52B7 /* AuctionInfoVC.swift in Sources */ = {isa = PBXBuildFile; fileRef = D9393B6321AC256B007B52B7 /* AuctionInfoVC.swift */; };
		D971E2C1232927BE004E549F /* libBDMAmazonAdapter.a in Frameworks */ = {isa = PBXBuildFile; fileRef = D971E2C0232927BE004E549F /* libBDMAmazonAdapter.a */; };
		D98AE1C42175EDEC00414343 /* InterstitialVC.swift in Sources */ = {isa = PBXBuildFile; fileRef = D98AE1C32175EDEC00414343 /* InterstitialVC.swift */; };
		D98AE1C62175EDFE00414343 /* BannerVC.swift in Sources */ = {isa = PBXBuildFile; fileRef = D98AE1C52175EDFE00414343 /* BannerVC.swift */; };
		D99FF2B0230A8FD70060FA8E /* libBDMMintegralAdapter.a in Frameworks */ = {isa = PBXBuildFile; fileRef = D99FF2AF230A8FD70060FA8E /* libBDMMintegralAdapter.a */; };
		D9A4956D21AD9D85007A7611 /* ToastMaker.swift in Sources */ = {isa = PBXBuildFile; fileRef = D9A4956C21AD9D85007A7611 /* ToastMaker.swift */; };
		D9B5670F21AFF97D0045E95D /* NativeTableVC.swift in Sources */ = {isa = PBXBuildFile; fileRef = D9B5670E21AFF97D0045E95D /* NativeTableVC.swift */; };
		D9BBD5E321CA35C0006233F9 /* CornerCasesVC.swift in Sources */ = {isa = PBXBuildFile; fileRef = D9BBD5E221CA35C0006233F9 /* CornerCasesVC.swift */; };
		D9BBD5E521CA3825006233F9 /* OnlyLabelTableViewCell.swift in Sources */ = {isa = PBXBuildFile; fileRef = D9BBD5E421CA3825006233F9 /* OnlyLabelTableViewCell.swift */; };
		D9BBD5E721CA3838006233F9 /* OnlyLabelTableViewCell.xib in Resources */ = {isa = PBXBuildFile; fileRef = D9BBD5E621CA3838006233F9 /* OnlyLabelTableViewCell.xib */; };
		D9BBD5EA21CA45C6006233F9 /* OverlayVC.swift in Sources */ = {isa = PBXBuildFile; fileRef = D9BBD5E921CA45C6006233F9 /* OverlayVC.swift */; };
		D9BBD5EC21CA45D2006233F9 /* VisibilityVC.swift in Sources */ = {isa = PBXBuildFile; fileRef = D9BBD5EB21CA45D2006233F9 /* VisibilityVC.swift */; };
		D9BBD5EE21CA9174006233F9 /* BannerOverlayVC.swift in Sources */ = {isa = PBXBuildFile; fileRef = D9BBD5ED21CA9174006233F9 /* BannerOverlayVC.swift */; };
		D9E8E0A821B13D1F00459199 /* NativeVC.swift in Sources */ = {isa = PBXBuildFile; fileRef = D9E8E0A721B13D1F00459199 /* NativeVC.swift */; };
/* End PBXBuildFile section */

/* Begin PBXFileReference section */
		421429B522A9280D0019BAA1 /* AppDelegate.swift */ = {isa = PBXFileReference; fileEncoding = 4; lastKnownFileType = sourcecode.swift; path = AppDelegate.swift; sourceTree = "<group>"; };
		4220558422E1F26200E1CA89 /* libBDMAdColonyAdapter.a */ = {isa = PBXFileReference; explicitFileType = archive.ar; path = libBDMAdColonyAdapter.a; sourceTree = BUILT_PRODUCTS_DIR; };
		4231D01622E0CAFC002852CE /* libBDMMyTargetAdapter.a */ = {isa = PBXFileReference; explicitFileType = archive.ar; path = libBDMMyTargetAdapter.a; sourceTree = BUILT_PRODUCTS_DIR; };
		424047DB21CB6EB9005C16E1 /* NavigationTitle.xib */ = {isa = PBXFileReference; fileEncoding = 4; lastKnownFileType = file.xib; path = NavigationTitle.xib; sourceTree = "<group>"; };
		424047DC21CB6EB9005C16E1 /* NavigationTitle.swift */ = {isa = PBXFileReference; fileEncoding = 4; lastKnownFileType = sourcecode.swift; path = NavigationTitle.swift; sourceTree = "<group>"; };
		424047DF21CB7392005C16E1 /* CornerCases.storyboard */ = {isa = PBXFileReference; lastKnownFileType = file.storyboard; path = CornerCases.storyboard; sourceTree = "<group>"; };
		424A9F6721B82647008335EE /* BidMachine.framework */ = {isa = PBXFileReference; explicitFileType = wrapper.framework; path = BidMachine.framework; sourceTree = BUILT_PRODUCTS_DIR; };
		424A9F6B21B82647008335EE /* libBDMMRAIDAdapter.a */ = {isa = PBXFileReference; explicitFileType = archive.ar; path = libBDMMRAIDAdapter.a; sourceTree = BUILT_PRODUCTS_DIR; };
		424A9F6D21B82647008335EE /* libBDMNASTAdapter.a */ = {isa = PBXFileReference; explicitFileType = archive.ar; path = libBDMNASTAdapter.a; sourceTree = BUILT_PRODUCTS_DIR; };
		424A9F6F21B82647008335EE /* libBDMVASTAdapter.a */ = {isa = PBXFileReference; explicitFileType = archive.ar; path = libBDMVASTAdapter.a; sourceTree = BUILT_PRODUCTS_DIR; };
		424B185221A2E242004F113B /* HeaderView.swift */ = {isa = PBXFileReference; lastKnownFileType = sourcecode.swift; path = HeaderView.swift; sourceTree = "<group>"; };
		424B185421A2E264004F113B /* HeaderView.xib */ = {isa = PBXFileReference; lastKnownFileType = file.xib; path = HeaderView.xib; sourceTree = "<group>"; };
		424B185621A2EBAC004F113B /* EnumTableViewCell.swift */ = {isa = PBXFileReference; lastKnownFileType = sourcecode.swift; path = EnumTableViewCell.swift; sourceTree = "<group>"; };
		424B185721A2EBAC004F113B /* EnumTableViewCell.xib */ = {isa = PBXFileReference; lastKnownFileType = file.xib; path = EnumTableViewCell.xib; sourceTree = "<group>"; };
		424B185A21A2EBF5004F113B /* KeyValuePairTableViewCell.swift */ = {isa = PBXFileReference; lastKnownFileType = sourcecode.swift; path = KeyValuePairTableViewCell.swift; sourceTree = "<group>"; };
		424B185B21A2EBF5004F113B /* KeyValuePairTableViewCell.xib */ = {isa = PBXFileReference; lastKnownFileType = file.xib; path = KeyValuePairTableViewCell.xib; sourceTree = "<group>"; };
		424B185E21A2EC35004F113B /* DataTableViewCell.swift */ = {isa = PBXFileReference; lastKnownFileType = sourcecode.swift; path = DataTableViewCell.swift; sourceTree = "<group>"; };
		424B185F21A2EC35004F113B /* DataTableViewCell.xib */ = {isa = PBXFileReference; lastKnownFileType = file.xib; path = DataTableViewCell.xib; sourceTree = "<group>"; };
		424B186221A2EC4B004F113B /* BooleanTableViewCell.swift */ = {isa = PBXFileReference; lastKnownFileType = sourcecode.swift; path = BooleanTableViewCell.swift; sourceTree = "<group>"; };
		424B186321A2EC4B004F113B /* BooleanTableViewCell.xib */ = {isa = PBXFileReference; lastKnownFileType = file.xib; path = BooleanTableViewCell.xib; sourceTree = "<group>"; };
		424B186821A2F375004F113B /* DataEntities.swift */ = {isa = PBXFileReference; lastKnownFileType = sourcecode.swift; path = DataEntities.swift; sourceTree = "<group>"; };
		424B186A21A2F411004F113B /* DataTableViewController.swift */ = {isa = PBXFileReference; lastKnownFileType = sourcecode.swift; path = DataTableViewController.swift; sourceTree = "<group>"; };
		424B186C21A2F8CD004F113B /* NibProvider.swift */ = {isa = PBXFileReference; lastKnownFileType = sourcecode.swift; path = NibProvider.swift; sourceTree = "<group>"; };
		424B187021A425C2004F113B /* RewardedVideoVC.swift */ = {isa = PBXFileReference; lastKnownFileType = sourcecode.swift; path = RewardedVideoVC.swift; sourceTree = "<group>"; };
		425A779121C10AEF00DA04C9 /* GeneratableDataTableViewCell.swift */ = {isa = PBXFileReference; lastKnownFileType = sourcecode.swift; path = GeneratableDataTableViewCell.swift; sourceTree = "<group>"; };
		425A779221C10AEF00DA04C9 /* GeneratableDataTableViewCell.xib */ = {isa = PBXFileReference; lastKnownFileType = file.xib; path = GeneratableDataTableViewCell.xib; sourceTree = "<group>"; };
		42675D9022E216CE008298F5 /* libBDMVungleAdapter.a */ = {isa = PBXFileReference; explicitFileType = archive.ar; path = libBDMVungleAdapter.a; sourceTree = BUILT_PRODUCTS_DIR; };
		42708D1F21A1BB9D00240630 /* ConfigurationVC.swift */ = {isa = PBXFileReference; lastKnownFileType = sourcecode.swift; path = ConfigurationVC.swift; sourceTree = "<group>"; };
		427A0E5C2227F85B00A7416E /* CoreTelephony.framework */ = {isa = PBXFileReference; lastKnownFileType = wrapper.framework; name = CoreTelephony.framework; path = System/Library/Frameworks/CoreTelephony.framework; sourceTree = SDKROOT; };
		427DE26A21A43298009CCC25 /* BidMachine.framework */ = {isa = PBXFileReference; explicitFileType = wrapper.framework; path = BidMachine.framework; sourceTree = BUILT_PRODUCTS_DIR; };
		427DE26E21A432AC009CCC25 /* libBDMMRAIDAdapter.a */ = {isa = PBXFileReference; explicitFileType = archive.ar; path = libBDMMRAIDAdapter.a; sourceTree = BUILT_PRODUCTS_DIR; };
		427DE27021A432AC009CCC25 /* libBDMNASTAdapter.a */ = {isa = PBXFileReference; explicitFileType = archive.ar; path = libBDMNASTAdapter.a; sourceTree = BUILT_PRODUCTS_DIR; };
		427DE27221A432AC009CCC25 /* libBDMVASTAdapter.a */ = {isa = PBXFileReference; explicitFileType = archive.ar; path = libBDMVASTAdapter.a; sourceTree = BUILT_PRODUCTS_DIR; };
		428AC84E219C0D0B001CB485 /* AdSupport.framework */ = {isa = PBXFileReference; lastKnownFileType = wrapper.framework; name = AdSupport.framework; path = System/Library/Frameworks/AdSupport.framework; sourceTree = SDKROOT; };
		428AC852219C104F001CB485 /* RequestVC.swift */ = {isa = PBXFileReference; lastKnownFileType = sourcecode.swift; path = RequestVC.swift; sourceTree = "<group>"; };
		42A8BE3E21BD7AA80044CC8D /* ExtensionsTableViewCell.swift */ = {isa = PBXFileReference; fileEncoding = 4; lastKnownFileType = sourcecode.swift; path = ExtensionsTableViewCell.swift; sourceTree = "<group>"; };
		42A8BE3F21BD7AA80044CC8D /* ExtensionsTableViewCell.xib */ = {isa = PBXFileReference; fileEncoding = 4; lastKnownFileType = file.xib; path = ExtensionsTableViewCell.xib; sourceTree = "<group>"; };
		42A93E4722E5ED6E005053A2 /* libBDMTapjoyAdapter.a */ = {isa = PBXFileReference; explicitFileType = archive.ar; path = libBDMTapjoyAdapter.a; sourceTree = BUILT_PRODUCTS_DIR; };
		42A93E5C22E705EC005053A2 /* libBDMFacebookAdapter.a */ = {isa = PBXFileReference; explicitFileType = archive.ar; path = libBDMFacebookAdapter.a; sourceTree = BUILT_PRODUCTS_DIR; };
		42D730E522DE024600AEB066 /* HeaderBidding.swift */ = {isa = PBXFileReference; lastKnownFileType = sourcecode.swift; path = HeaderBidding.swift; sourceTree = "<group>"; };
		42D730E822DE028D00AEB066 /* HeaderBidding.json */ = {isa = PBXFileReference; lastKnownFileType = text.json; path = HeaderBidding.json; sourceTree = "<group>"; };
		42D9A76721B96AE70090C273 /* SdkContext.swift */ = {isa = PBXFileReference; lastKnownFileType = sourcecode.swift; path = SdkContext.swift; sourceTree = "<group>"; };
		42F2C7B621BFF2A5004CFF9F /* Utilities.swift */ = {isa = PBXFileReference; lastKnownFileType = sourcecode.swift; path = Utilities.swift; sourceTree = "<group>"; };
		42F86EC621BA7D1200B58CB5 /* StatusVC.swift */ = {isa = PBXFileReference; fileEncoding = 4; lastKnownFileType = sourcecode.swift; path = StatusVC.swift; sourceTree = "<group>"; };
		42F86EC821BA7D5600B58CB5 /* LocationTableViewCell.swift */ = {isa = PBXFileReference; fileEncoding = 4; lastKnownFileType = sourcecode.swift; path = LocationTableViewCell.swift; sourceTree = "<group>"; };
		42F86EC921BA7D5600B58CB5 /* StatusTableViewCell.xib */ = {isa = PBXFileReference; fileEncoding = 4; lastKnownFileType = file.xib; path = StatusTableViewCell.xib; sourceTree = "<group>"; };
		42F86ECA21BA7D5600B58CB5 /* StatusTableViewCell.swift */ = {isa = PBXFileReference; fileEncoding = 4; lastKnownFileType = sourcecode.swift; path = StatusTableViewCell.swift; sourceTree = "<group>"; };
		42F86ECB21BA7D5600B58CB5 /* LocationTableViewCell.xib */ = {isa = PBXFileReference; fileEncoding = 4; lastKnownFileType = file.xib; path = LocationTableViewCell.xib; sourceTree = "<group>"; };
		42F86ED221BA8EC700B58CB5 /* ContentTableViewCell.swift */ = {isa = PBXFileReference; fileEncoding = 4; lastKnownFileType = sourcecode.swift; path = ContentTableViewCell.swift; sourceTree = "<group>"; };
		42F86ED321BA8EC700B58CB5 /* NativeAdViewCell.swift */ = {isa = PBXFileReference; fileEncoding = 4; lastKnownFileType = sourcecode.swift; path = NativeAdViewCell.swift; sourceTree = "<group>"; };
		42F86ED421BA8EC700B58CB5 /* NativeAdViewCell.xib */ = {isa = PBXFileReference; fileEncoding = 4; lastKnownFileType = file.xib; path = NativeAdViewCell.xib; sourceTree = "<group>"; };
		42F86ED521BA8EC700B58CB5 /* ContentTableViewCell.xib */ = {isa = PBXFileReference; fileEncoding = 4; lastKnownFileType = file.xib; path = ContentTableViewCell.xib; sourceTree = "<group>"; };
		650DD9D321C8FEF50092473F /* NSBundle+Swizz.h */ = {isa = PBXFileReference; lastKnownFileType = sourcecode.c.h; path = "NSBundle+Swizz.h"; sourceTree = "<group>"; };
		650DD9D421C8FEF50092473F /* NSBundle+Swizz.m */ = {isa = PBXFileReference; lastKnownFileType = sourcecode.c.objc; path = "NSBundle+Swizz.m"; sourceTree = "<group>"; };
		650DD9D621C8FF370092473F /* Sample-Bridging-Header.h */ = {isa = PBXFileReference; lastKnownFileType = sourcecode.c.h; path = "Sample-Bridging-Header.h"; sourceTree = "<group>"; };
		651D7334218C47BB0001227B /* libxml2.2.tbd */ = {isa = PBXFileReference; lastKnownFileType = "sourcecode.text-based-dylib-definition"; name = libxml2.2.tbd; path = usr/lib/libxml2.2.tbd; sourceTree = SDKROOT; };
		C8F9DC0BBB21200F5D20B1D4 /* Pods-Sample.debug.xcconfig */ = {isa = PBXFileReference; includeInIndex = 1; lastKnownFileType = text.xcconfig; name = "Pods-Sample.debug.xcconfig"; path = "Target Support Files/Pods-Sample/Pods-Sample.debug.xcconfig"; sourceTree = "<group>"; };
		D901693121F6030C00FECE42 /* BannerLoadingVC.swift */ = {isa = PBXFileReference; lastKnownFileType = sourcecode.swift; path = BannerLoadingVC.swift; sourceTree = "<group>"; };
		D91BDE8521B28F4700C538CE /* TableViewContentEntity.swift */ = {isa = PBXFileReference; lastKnownFileType = sourcecode.swift; path = TableViewContentEntity.swift; sourceTree = "<group>"; };
		D91F84A12175CC11005A92F1 /* Sample.app */ = {isa = PBXFileReference; explicitFileType = wrapper.application; includeInIndex = 0; path = Sample.app; sourceTree = BUILT_PRODUCTS_DIR; };
		D91F84A62175CC11005A92F1 /* InitializationVC.swift */ = {isa = PBXFileReference; lastKnownFileType = sourcecode.swift; path = InitializationVC.swift; sourceTree = "<group>"; };
		D91F84A92175CC11005A92F1 /* Base */ = {isa = PBXFileReference; lastKnownFileType = file.storyboard; name = Base; path = Base.lproj/Main.storyboard; sourceTree = "<group>"; };
		D91F84AB2175CC12005A92F1 /* Assets.xcassets */ = {isa = PBXFileReference; lastKnownFileType = folder.assetcatalog; path = Assets.xcassets; sourceTree = "<group>"; };
		D91F84AE2175CC12005A92F1 /* Base */ = {isa = PBXFileReference; lastKnownFileType = file.storyboard; name = Base; path = Base.lproj/LaunchScreen.storyboard; sourceTree = "<group>"; };
		D91F84B02175CC12005A92F1 /* Info.plist */ = {isa = PBXFileReference; lastKnownFileType = text.plist.xml; path = Info.plist; sourceTree = "<group>"; };
		D937DE082178759A00E11661 /* TabBarController.swift */ = {isa = PBXFileReference; lastKnownFileType = sourcecode.swift; path = TabBarController.swift; sourceTree = "<group>"; };
		D9393B6321AC256B007B52B7 /* AuctionInfoVC.swift */ = {isa = PBXFileReference; lastKnownFileType = sourcecode.swift; path = AuctionInfoVC.swift; sourceTree = "<group>"; };
		D971E2C0232927BE004E549F /* libBDMAmazonAdapter.a */ = {isa = PBXFileReference; explicitFileType = archive.ar; path = libBDMAmazonAdapter.a; sourceTree = BUILT_PRODUCTS_DIR; };
		D98AE1C32175EDEC00414343 /* InterstitialVC.swift */ = {isa = PBXFileReference; lastKnownFileType = sourcecode.swift; path = InterstitialVC.swift; sourceTree = "<group>"; };
		D98AE1C52175EDFE00414343 /* BannerVC.swift */ = {isa = PBXFileReference; lastKnownFileType = sourcecode.swift; path = BannerVC.swift; sourceTree = "<group>"; };
		D99FF2AF230A8FD70060FA8E /* libBDMMintegralAdapter.a */ = {isa = PBXFileReference; explicitFileType = archive.ar; path = libBDMMintegralAdapter.a; sourceTree = BUILT_PRODUCTS_DIR; };
		D9A4956C21AD9D85007A7611 /* ToastMaker.swift */ = {isa = PBXFileReference; lastKnownFileType = sourcecode.swift; path = ToastMaker.swift; sourceTree = "<group>"; };
		D9B5670E21AFF97D0045E95D /* NativeTableVC.swift */ = {isa = PBXFileReference; lastKnownFileType = sourcecode.swift; path = NativeTableVC.swift; sourceTree = "<group>"; };
		D9BBD5E221CA35C0006233F9 /* CornerCasesVC.swift */ = {isa = PBXFileReference; lastKnownFileType = sourcecode.swift; path = CornerCasesVC.swift; sourceTree = "<group>"; };
		D9BBD5E421CA3825006233F9 /* OnlyLabelTableViewCell.swift */ = {isa = PBXFileReference; lastKnownFileType = sourcecode.swift; path = OnlyLabelTableViewCell.swift; sourceTree = "<group>"; };
		D9BBD5E621CA3838006233F9 /* OnlyLabelTableViewCell.xib */ = {isa = PBXFileReference; lastKnownFileType = file.xib; path = OnlyLabelTableViewCell.xib; sourceTree = "<group>"; };
		D9BBD5E921CA45C6006233F9 /* OverlayVC.swift */ = {isa = PBXFileReference; lastKnownFileType = sourcecode.swift; path = OverlayVC.swift; sourceTree = "<group>"; };
		D9BBD5EB21CA45D2006233F9 /* VisibilityVC.swift */ = {isa = PBXFileReference; lastKnownFileType = sourcecode.swift; path = VisibilityVC.swift; sourceTree = "<group>"; };
		D9BBD5ED21CA9174006233F9 /* BannerOverlayVC.swift */ = {isa = PBXFileReference; lastKnownFileType = sourcecode.swift; path = BannerOverlayVC.swift; sourceTree = "<group>"; };
		D9E8E0A721B13D1F00459199 /* NativeVC.swift */ = {isa = PBXFileReference; lastKnownFileType = sourcecode.swift; path = NativeVC.swift; sourceTree = "<group>"; };
		DE3FC264F6F94DDE5E210AC5 /* Pods_Sample.framework */ = {isa = PBXFileReference; explicitFileType = wrapper.framework; includeInIndex = 0; path = Pods_Sample.framework; sourceTree = BUILT_PRODUCTS_DIR; };
		EAA8D49FD3B1F072B2EC5C1A /* Pods-Sample.release.xcconfig */ = {isa = PBXFileReference; includeInIndex = 1; lastKnownFileType = text.xcconfig; name = "Pods-Sample.release.xcconfig"; path = "Target Support Files/Pods-Sample/Pods-Sample.release.xcconfig"; sourceTree = "<group>"; };
/* End PBXFileReference section */

/* Begin PBXFrameworksBuildPhase section */
		D91F849E2175CC11005A92F1 /* Frameworks */ = {
			isa = PBXFrameworksBuildPhase;
			buildActionMask = 2147483647;
			files = (
				D971E2C1232927BE004E549F /* libBDMAmazonAdapter.a in Frameworks */,
				424A9F6821B82647008335EE /* BidMachine.framework in Frameworks */,
				42A93E5D22E705EC005053A2 /* libBDMFacebookAdapter.a in Frameworks */,
				42A93E4822E5ED6E005053A2 /* libBDMTapjoyAdapter.a in Frameworks */,
				42675D9122E216CE008298F5 /* libBDMVungleAdapter.a in Frameworks */,
				4220558522E1F26200E1CA89 /* libBDMAdColonyAdapter.a in Frameworks */,
				4231D01722E0CAFC002852CE /* libBDMMyTargetAdapter.a in Frameworks */,
				424A9F6C21B82647008335EE /* libBDMMRAIDAdapter.a in Frameworks */,
				D99FF2B0230A8FD70060FA8E /* libBDMMintegralAdapter.a in Frameworks */,
				424A9F6E21B82647008335EE /* libBDMNASTAdapter.a in Frameworks */,
				424A9F7021B82647008335EE /* libBDMVASTAdapter.a in Frameworks */,
				424A9F7121B8264F008335EE /* libxml2.2.tbd in Frameworks */,
				427A0E5D2227F85B00A7416E /* CoreTelephony.framework in Frameworks */,
				24F773B2D2506E1DAFD7BC42 /* Pods_Sample.framework in Frameworks */,
			);
			runOnlyForDeploymentPostprocessing = 0;
		};
/* End PBXFrameworksBuildPhase section */

/* Begin PBXGroup section */
		08A044132F1A6F69EA159A15 /* Pods */ = {
			isa = PBXGroup;
			children = (
				C8F9DC0BBB21200F5D20B1D4 /* Pods-Sample.debug.xcconfig */,
				EAA8D49FD3B1F072B2EC5C1A /* Pods-Sample.release.xcconfig */,
			);
			name = Pods;
			path = ../Pods;
			sourceTree = "<group>";
		};
		424B186721A2F355004F113B /* Models */ = {
			isa = PBXGroup;
			children = (
				424B186821A2F375004F113B /* DataEntities.swift */,
				42D9A76721B96AE70090C273 /* SdkContext.swift */,
				D91BDE8521B28F4700C538CE /* TableViewContentEntity.swift */,
				42D730E522DE024600AEB066 /* HeaderBidding.swift */,
			);
			path = Models;
			sourceTree = "<group>";
		};
		426AA094219C63CE00CA75C1 /* UI */ = {
			isa = PBXGroup;
			children = (
				424B186A21A2F411004F113B /* DataTableViewController.swift */,
				424047DC21CB6EB9005C16E1 /* NavigationTitle.swift */,
				424047DB21CB6EB9005C16E1 /* NavigationTitle.xib */,
				424B186C21A2F8CD004F113B /* NibProvider.swift */,
				424B185221A2E242004F113B /* HeaderView.swift */,
				424B185421A2E264004F113B /* HeaderView.xib */,
				426AA09B219D89D500CA75C1 /* TableVIewCells */,
			);
			path = UI;
			sourceTree = "<group>";
		};
		426AA09B219D89D500CA75C1 /* TableVIewCells */ = {
			isa = PBXGroup;
			children = (
				42F86ED121BA8EBC00B58CB5 /* NativeAds */,
				424B186321A2EC4B004F113B /* BooleanTableViewCell.xib */,
				424B185621A2EBAC004F113B /* EnumTableViewCell.swift */,
				424B185721A2EBAC004F113B /* EnumTableViewCell.xib */,
				424B185A21A2EBF5004F113B /* KeyValuePairTableViewCell.swift */,
				424B185B21A2EBF5004F113B /* KeyValuePairTableViewCell.xib */,
				424B185E21A2EC35004F113B /* DataTableViewCell.swift */,
				424B185F21A2EC35004F113B /* DataTableViewCell.xib */,
				425A779121C10AEF00DA04C9 /* GeneratableDataTableViewCell.swift */,
				425A779221C10AEF00DA04C9 /* GeneratableDataTableViewCell.xib */,
				424B186221A2EC4B004F113B /* BooleanTableViewCell.swift */,
				42F86ECA21BA7D5600B58CB5 /* StatusTableViewCell.swift */,
				42F86EC921BA7D5600B58CB5 /* StatusTableViewCell.xib */,
				42A8BE3E21BD7AA80044CC8D /* ExtensionsTableViewCell.swift */,
				42A8BE3F21BD7AA80044CC8D /* ExtensionsTableViewCell.xib */,
				42F86EC821BA7D5600B58CB5 /* LocationTableViewCell.swift */,
				42F86ECB21BA7D5600B58CB5 /* LocationTableViewCell.xib */,
				D9BBD5E421CA3825006233F9 /* OnlyLabelTableViewCell.swift */,
				D9BBD5E621CA3838006233F9 /* OnlyLabelTableViewCell.xib */,
			);
			path = TableVIewCells;
			sourceTree = "<group>";
		};
		428AC854219C1BCA001CB485 /* InitialisationUS */ = {
			isa = PBXGroup;
			children = (
				D91F84A62175CC11005A92F1 /* InitializationVC.swift */,
				42708D1F21A1BB9D00240630 /* ConfigurationVC.swift */,
			);
			path = InitialisationUS;
			sourceTree = "<group>";
		};
		428AC855219C1BE8001CB485 /* AuctionUS */ = {
			isa = PBXGroup;
			children = (
				D9E8E0AD21B15A2700459199 /* Native */,
				D9BBD5E821CA45AE006233F9 /* CornerCases */,
				D937DE082178759A00E11661 /* TabBarController.swift */,
				D98AE1C32175EDEC00414343 /* InterstitialVC.swift */,
				424B187021A425C2004F113B /* RewardedVideoVC.swift */,
				D98AE1C52175EDFE00414343 /* BannerVC.swift */,
				428AC852219C104F001CB485 /* RequestVC.swift */,
				D9393B6321AC256B007B52B7 /* AuctionInfoVC.swift */,
				42F86EC621BA7D1200B58CB5 /* StatusVC.swift */,
			);
			path = AuctionUS;
			sourceTree = "<group>";
		};
		42D5972F21CA203E00B1ABAA /* Runtime */ = {
			isa = PBXGroup;
			children = (
				650DD9D321C8FEF50092473F /* NSBundle+Swizz.h */,
				650DD9D421C8FEF50092473F /* NSBundle+Swizz.m */,
			);
			path = Runtime;
			sourceTree = "<group>";
		};
		42D730E722DE026100AEB066 /* ApplicationSupport */ = {
			isa = PBXGroup;
			children = (
				D91F84AB2175CC12005A92F1 /* Assets.xcassets */,
				650DD9D621C8FF370092473F /* Sample-Bridging-Header.h */,
				421429B522A9280D0019BAA1 /* AppDelegate.swift */,
				D91F84B02175CC12005A92F1 /* Info.plist */,
				42D730E822DE028D00AEB066 /* HeaderBidding.json */,
			);
			name = ApplicationSupport;
			sourceTree = "<group>";
		};
		42F86ED121BA8EBC00B58CB5 /* NativeAds */ = {
			isa = PBXGroup;
			children = (
				42F86ED221BA8EC700B58CB5 /* ContentTableViewCell.swift */,
				42F86ED521BA8EC700B58CB5 /* ContentTableViewCell.xib */,
				42F86ED321BA8EC700B58CB5 /* NativeAdViewCell.swift */,
				42F86ED421BA8EC700B58CB5 /* NativeAdViewCell.xib */,
			);
			name = NativeAds;
			sourceTree = "<group>";
		};
		ABBBB8C34D78D07CCC36518F /* Frameworks */ = {
			isa = PBXGroup;
			children = (
				D971E2C0232927BE004E549F /* libBDMAmazonAdapter.a */,
				D99FF2AF230A8FD70060FA8E /* libBDMMintegralAdapter.a */,
				42A93E5C22E705EC005053A2 /* libBDMFacebookAdapter.a */,
				42A93E4722E5ED6E005053A2 /* libBDMTapjoyAdapter.a */,
				42675D9022E216CE008298F5 /* libBDMVungleAdapter.a */,
				4220558422E1F26200E1CA89 /* libBDMAdColonyAdapter.a */,
				4231D01622E0CAFC002852CE /* libBDMMyTargetAdapter.a */,
				427A0E5C2227F85B00A7416E /* CoreTelephony.framework */,
				424A9F6721B82647008335EE /* BidMachine.framework */,
				424A9F6B21B82647008335EE /* libBDMMRAIDAdapter.a */,
				424A9F6D21B82647008335EE /* libBDMNASTAdapter.a */,
				424A9F6F21B82647008335EE /* libBDMVASTAdapter.a */,
				427DE26E21A432AC009CCC25 /* libBDMMRAIDAdapter.a */,
				427DE27021A432AC009CCC25 /* libBDMNASTAdapter.a */,
				427DE27221A432AC009CCC25 /* libBDMVASTAdapter.a */,
				427DE26A21A43298009CCC25 /* BidMachine.framework */,
				428AC84E219C0D0B001CB485 /* AdSupport.framework */,
				651D7334218C47BB0001227B /* libxml2.2.tbd */,
				DE3FC264F6F94DDE5E210AC5 /* Pods_Sample.framework */,
			);
			name = Frameworks;
			sourceTree = "<group>";
		};
		D91F84982175CC11005A92F1 = {
			isa = PBXGroup;
			children = (
				D91F84A32175CC11005A92F1 /* Sample */,
				D91F84A22175CC11005A92F1 /* Products */,
				ABBBB8C34D78D07CCC36518F /* Frameworks */,
				08A044132F1A6F69EA159A15 /* Pods */,
			);
			sourceTree = "<group>";
		};
		D91F84A22175CC11005A92F1 /* Products */ = {
			isa = PBXGroup;
			children = (
				D91F84A12175CC11005A92F1 /* Sample.app */,
			);
			name = Products;
			sourceTree = "<group>";
		};
		D91F84A32175CC11005A92F1 /* Sample */ = {
			isa = PBXGroup;
			children = (
				42D730E722DE026100AEB066 /* ApplicationSupport */,
				42D5972F21CA203E00B1ABAA /* Runtime */,
				424B186721A2F355004F113B /* Models */,
				D98AE1CE21775EC200414343 /* Storyboards */,
				426AA094219C63CE00CA75C1 /* UI */,
				D9A4956B21AD9D5A007A7611 /* Utilities */,
				D98AE1C72175EE2B00414343 /* UserStrories */,
			);
			path = Sample;
			sourceTree = "<group>";
		};
		D98AE1C72175EE2B00414343 /* UserStrories */ = {
			isa = PBXGroup;
			children = (
				428AC854219C1BCA001CB485 /* InitialisationUS */,
				428AC855219C1BE8001CB485 /* AuctionUS */,
			);
			path = UserStrories;
			sourceTree = "<group>";
		};
		D98AE1CE21775EC200414343 /* Storyboards */ = {
			isa = PBXGroup;
			children = (
				D91F84A82175CC11005A92F1 /* Main.storyboard */,
				424047DF21CB7392005C16E1 /* CornerCases.storyboard */,
				D91F84AD2175CC12005A92F1 /* LaunchScreen.storyboard */,
			);
			path = Storyboards;
			sourceTree = "<group>";
		};
		D9A4956B21AD9D5A007A7611 /* Utilities */ = {
			isa = PBXGroup;
			children = (
				D9A4956C21AD9D85007A7611 /* ToastMaker.swift */,
				42F2C7B621BFF2A5004CFF9F /* Utilities.swift */,
			);
			path = Utilities;
			sourceTree = "<group>";
		};
		D9BBD5E821CA45AE006233F9 /* CornerCases */ = {
			isa = PBXGroup;
			children = (
				D9BBD5E221CA35C0006233F9 /* CornerCasesVC.swift */,
				D9BBD5E921CA45C6006233F9 /* OverlayVC.swift */,
				D9BBD5EB21CA45D2006233F9 /* VisibilityVC.swift */,
				D901693121F6030C00FECE42 /* BannerLoadingVC.swift */,
				D9BBD5ED21CA9174006233F9 /* BannerOverlayVC.swift */,
			);
			path = CornerCases;
			sourceTree = "<group>";
		};
		D9E8E0AD21B15A2700459199 /* Native */ = {
			isa = PBXGroup;
			children = (
				D9B5670E21AFF97D0045E95D /* NativeTableVC.swift */,
				D9E8E0A721B13D1F00459199 /* NativeVC.swift */,
			);
			path = Native;
			sourceTree = "<group>";
		};
/* End PBXGroup section */

/* Begin PBXNativeTarget section */
		D91F84A02175CC11005A92F1 /* Sample */ = {
			isa = PBXNativeTarget;
			buildConfigurationList = D91F84B32175CC12005A92F1 /* Build configuration list for PBXNativeTarget "Sample" */;
			buildPhases = (
				5D1C9D0DD650C706958926C0 /* [CP] Check Pods Manifest.lock */,
				D91F849D2175CC11005A92F1 /* Sources */,
				D91F849E2175CC11005A92F1 /* Frameworks */,
				D91F849F2175CC11005A92F1 /* Resources */,
				EC19A681573EFA0B8685BE99 /* [CP] Embed Pods Frameworks */,
				C1267D16D565516CAB2CD02B /* [CP] Copy Pods Resources */,
			);
			buildRules = (
			);
			dependencies = (
			);
			name = Sample;
			productName = ExampleOpenBids;
			productReference = D91F84A12175CC11005A92F1 /* Sample.app */;
			productType = "com.apple.product-type.application";
		};
/* End PBXNativeTarget section */

/* Begin PBXProject section */
		D91F84992175CC11005A92F1 /* Project object */ = {
			isa = PBXProject;
			attributes = {
				LastSwiftUpdateCheck = 1000;
				LastUpgradeCheck = 1000;
				ORGANIZATIONNAME = "Yaroslav Skachkov";
				TargetAttributes = {
					D91F84A02175CC11005A92F1 = {
						CreatedOnToolsVersion = 10.0;
						LastSwiftMigration = 1020;
					};
				};
			};
			buildConfigurationList = D91F849C2175CC11005A92F1 /* Build configuration list for PBXProject "Sample" */;
			compatibilityVersion = "Xcode 9.3";
			developmentRegion = en;
			hasScannedForEncodings = 0;
			knownRegions = (
				en,
				Base,
			);
			mainGroup = D91F84982175CC11005A92F1;
			productRefGroup = D91F84A22175CC11005A92F1 /* Products */;
			projectDirPath = "";
			projectRoot = "";
			targets = (
				D91F84A02175CC11005A92F1 /* Sample */,
			);
		};
/* End PBXProject section */

/* Begin PBXResourcesBuildPhase section */
		D91F849F2175CC11005A92F1 /* Resources */ = {
			isa = PBXResourcesBuildPhase;
			buildActionMask = 2147483647;
			files = (
				42A8BE4121BD7AA80044CC8D /* ExtensionsTableViewCell.xib in Resources */,
				D91F84AF2175CC12005A92F1 /* LaunchScreen.storyboard in Resources */,
				D91F84AC2175CC12005A92F1 /* Assets.xcassets in Resources */,
				42F86ECF21BA7D5600B58CB5 /* LocationTableViewCell.xib in Resources */,
				42F86ED921BA8EC700B58CB5 /* ContentTableViewCell.xib in Resources */,
				424047DD21CB6EB9005C16E1 /* NavigationTitle.xib in Resources */,
				4273C8F521EF596500F3F94E /* Main.storyboard in Resources */,
				424B185D21A2EBF5004F113B /* KeyValuePairTableViewCell.xib in Resources */,
				424B186521A2EC4B004F113B /* BooleanTableViewCell.xib in Resources */,
				424B185921A2EBAC004F113B /* EnumTableViewCell.xib in Resources */,
				42F86ECD21BA7D5600B58CB5 /* StatusTableViewCell.xib in Resources */,
				424047E021CB7392005C16E1 /* CornerCases.storyboard in Resources */,
				42D730E922DE028D00AEB066 /* HeaderBidding.json in Resources */,
				425A779421C10AEF00DA04C9 /* GeneratableDataTableViewCell.xib in Resources */,
				424B186121A2EC35004F113B /* DataTableViewCell.xib in Resources */,
				D9BBD5E721CA3838006233F9 /* OnlyLabelTableViewCell.xib in Resources */,
				424B185521A2E264004F113B /* HeaderView.xib in Resources */,
				42F86ED821BA8EC700B58CB5 /* NativeAdViewCell.xib in Resources */,
			);
			runOnlyForDeploymentPostprocessing = 0;
		};
/* End PBXResourcesBuildPhase section */

/* Begin PBXShellScriptBuildPhase section */
		5D1C9D0DD650C706958926C0 /* [CP] Check Pods Manifest.lock */ = {
			isa = PBXShellScriptBuildPhase;
			buildActionMask = 2147483647;
			files = (
			);
			inputFileListPaths = (
			);
			inputPaths = (
				"${PODS_PODFILE_DIR_PATH}/Podfile.lock",
				"${PODS_ROOT}/Manifest.lock",
			);
			name = "[CP] Check Pods Manifest.lock";
			outputFileListPaths = (
			);
			outputPaths = (
				"$(DERIVED_FILE_DIR)/Pods-Sample-checkManifestLockResult.txt",
			);
			runOnlyForDeploymentPostprocessing = 0;
			shellPath = /bin/sh;
			shellScript = "diff \"${PODS_PODFILE_DIR_PATH}/Podfile.lock\" \"${PODS_ROOT}/Manifest.lock\" > /dev/null\nif [ $? != 0 ] ; then\n    # print error to STDERR\n    echo \"error: The sandbox is not in sync with the Podfile.lock. Run 'pod install' or update your CocoaPods installation.\" >&2\n    exit 1\nfi\n# This output is used by Xcode 'outputs' to avoid re-running this script phase.\necho \"SUCCESS\" > \"${SCRIPT_OUTPUT_FILE_0}\"\n";
			showEnvVarsInLog = 0;
		};
		C1267D16D565516CAB2CD02B /* [CP] Copy Pods Resources */ = {
			isa = PBXShellScriptBuildPhase;
			buildActionMask = 2147483647;
			files = (
			);
			inputFileListPaths = (
				"${PODS_ROOT}/Target Support Files/Pods-Sample/Pods-Sample-resources-${CONFIGURATION}-input-files.xcfilelist",
			);
			inputPaths = (
				"${PODS_ROOT}/Target Support Files/Pods-Sample/Pods-Sample-resources.sh",
				"${PODS_ROOT}/TapjoySDK/Tapjoy.framework/Resources/TapjoyResources.bundle",
			);
			name = "[CP] Copy Pods Resources";
			outputFileListPaths = (
				"${PODS_ROOT}/Target Support Files/Pods-Sample/Pods-Sample-resources-${CONFIGURATION}-output-files.xcfilelist",
			);
			outputPaths = (
				"${TARGET_BUILD_DIR}/${UNLOCALIZED_RESOURCES_FOLDER_PATH}/TapjoyResources.bundle",
			);
			runOnlyForDeploymentPostprocessing = 0;
			shellPath = /bin/sh;
			shellScript = "\"${PODS_ROOT}/Target Support Files/Pods-Sample/Pods-Sample-resources.sh\"\n";
			showEnvVarsInLog = 0;
		};
		EC19A681573EFA0B8685BE99 /* [CP] Embed Pods Frameworks */ = {
			isa = PBXShellScriptBuildPhase;
			buildActionMask = 2147483647;
			files = (
			);
			inputFileListPaths = (
				"${PODS_ROOT}/Target Support Files/Pods-Sample/Pods-Sample-frameworks-${CONFIGURATION}-input-files.xcfilelist",
			);
			inputPaths = (
				"${PODS_ROOT}/Target Support Files/Pods-Sample/Pods-Sample-frameworks.sh",
				"${BUILT_PRODUCTS_DIR}/Protobuf/Protobuf.framework",
				"${BUILT_PRODUCTS_DIR}/StackAPI/StackAPI.framework",
				"${BUILT_PRODUCTS_DIR}/FBSDKCoreKit/FBSDKCoreKit.framework",
				"${PODS_ROOT}/DTBiOSSDK/DTBiOSSDK.framework",
				"${BUILT_PRODUCTS_DIR}/Toast-Swift/Toast_Swift.framework",
			);
			name = "[CP] Embed Pods Frameworks";
			outputFileListPaths = (
				"${PODS_ROOT}/Target Support Files/Pods-Sample/Pods-Sample-frameworks-${CONFIGURATION}-output-files.xcfilelist",
			);
			outputPaths = (
				"${TARGET_BUILD_DIR}/${FRAMEWORKS_FOLDER_PATH}/Protobuf.framework",
				"${TARGET_BUILD_DIR}/${FRAMEWORKS_FOLDER_PATH}/StackAPI.framework",
				"${TARGET_BUILD_DIR}/${FRAMEWORKS_FOLDER_PATH}/FBSDKCoreKit.framework",
				"${TARGET_BUILD_DIR}/${FRAMEWORKS_FOLDER_PATH}/DTBiOSSDK.framework",
				"${TARGET_BUILD_DIR}/${FRAMEWORKS_FOLDER_PATH}/Toast_Swift.framework",
			);
			runOnlyForDeploymentPostprocessing = 0;
			shellPath = /bin/sh;
			shellScript = "\"${PODS_ROOT}/Target Support Files/Pods-Sample/Pods-Sample-frameworks.sh\"\n";
			showEnvVarsInLog = 0;
		};
/* End PBXShellScriptBuildPhase section */

/* Begin PBXSourcesBuildPhase section */
		D91F849D2175CC11005A92F1 /* Sources */ = {
			isa = PBXSourcesBuildPhase;
			buildActionMask = 2147483647;
			files = (
				D91BDE8621B28F4700C538CE /* TableViewContentEntity.swift in Sources */,
				424B186421A2EC4B004F113B /* BooleanTableViewCell.swift in Sources */,
				421429B622A9280D0019BAA1 /* AppDelegate.swift in Sources */,
				42708D2121A1BB9D00240630 /* ConfigurationVC.swift in Sources */,
				D98AE1C62175EDFE00414343 /* BannerVC.swift in Sources */,
				424B185821A2EBAC004F113B /* EnumTableViewCell.swift in Sources */,
				424B186921A2F375004F113B /* DataEntities.swift in Sources */,
				424B186B21A2F411004F113B /* DataTableViewController.swift in Sources */,
				424B186D21A2F8CE004F113B /* NibProvider.swift in Sources */,
				424047DE21CB6EB9005C16E1 /* NavigationTitle.swift in Sources */,
				D9BBD5EC21CA45D2006233F9 /* VisibilityVC.swift in Sources */,
				D937DE092178759A00E11661 /* TabBarController.swift in Sources */,
				42D9A76821B96AE70090C273 /* SdkContext.swift in Sources */,
				424B185321A2E242004F113B /* HeaderView.swift in Sources */,
				D9E8E0A821B13D1F00459199 /* NativeVC.swift in Sources */,
				428AC853219C104F001CB485 /* RequestVC.swift in Sources */,
				42F2C7B721BFF2A5004CFF9F /* Utilities.swift in Sources */,
				D91F84A72175CC11005A92F1 /* InitializationVC.swift in Sources */,
				424B185C21A2EBF5004F113B /* KeyValuePairTableViewCell.swift in Sources */,
				D9393B6421AC256B007B52B7 /* AuctionInfoVC.swift in Sources */,
				D9BBD5EA21CA45C6006233F9 /* OverlayVC.swift in Sources */,
				42F86ECC21BA7D5600B58CB5 /* LocationTableViewCell.swift in Sources */,
				42F86ED621BA8EC700B58CB5 /* ContentTableViewCell.swift in Sources */,
				42D730E622DE024600AEB066 /* HeaderBidding.swift in Sources */,
				424B186021A2EC35004F113B /* DataTableViewCell.swift in Sources */,
				D9A4956D21AD9D85007A7611 /* ToastMaker.swift in Sources */,
				D98AE1C42175EDEC00414343 /* InterstitialVC.swift in Sources */,
				424B187121A425C2004F113B /* RewardedVideoVC.swift in Sources */,
				42F86EC721BA7D1200B58CB5 /* StatusVC.swift in Sources */,
				42A8BE4021BD7AA80044CC8D /* ExtensionsTableViewCell.swift in Sources */,
				650DD9D521C8FEF50092473F /* NSBundle+Swizz.m in Sources */,
				42F86ED721BA8EC700B58CB5 /* NativeAdViewCell.swift in Sources */,
				D9BBD5EE21CA9174006233F9 /* BannerOverlayVC.swift in Sources */,
				D9B5670F21AFF97D0045E95D /* NativeTableVC.swift in Sources */,
				425A779321C10AEF00DA04C9 /* GeneratableDataTableViewCell.swift in Sources */,
				42F86ECE21BA7D5600B58CB5 /* StatusTableViewCell.swift in Sources */,
				D901693221F6030C00FECE42 /* BannerLoadingVC.swift in Sources */,
				D9BBD5E321CA35C0006233F9 /* CornerCasesVC.swift in Sources */,
				D9BBD5E521CA3825006233F9 /* OnlyLabelTableViewCell.swift in Sources */,
			);
			runOnlyForDeploymentPostprocessing = 0;
		};
/* End PBXSourcesBuildPhase section */

/* Begin PBXVariantGroup section */
		D91F84A82175CC11005A92F1 /* Main.storyboard */ = {
			isa = PBXVariantGroup;
			children = (
				D91F84A92175CC11005A92F1 /* Base */,
			);
			name = Main.storyboard;
			sourceTree = "<group>";
		};
		D91F84AD2175CC12005A92F1 /* LaunchScreen.storyboard */ = {
			isa = PBXVariantGroup;
			children = (
				D91F84AE2175CC12005A92F1 /* Base */,
			);
			name = LaunchScreen.storyboard;
			sourceTree = "<group>";
		};
/* End PBXVariantGroup section */

/* Begin XCBuildConfiguration section */
		D91F84B12175CC12005A92F1 /* Debug */ = {
			isa = XCBuildConfiguration;
			buildSettings = {
				ALWAYS_SEARCH_USER_PATHS = NO;
				CLANG_ANALYZER_NONNULL = YES;
				CLANG_ANALYZER_NUMBER_OBJECT_CONVERSION = YES_AGGRESSIVE;
				CLANG_CXX_LANGUAGE_STANDARD = "gnu++14";
				CLANG_CXX_LIBRARY = "libc++";
				CLANG_ENABLE_MODULES = YES;
				CLANG_ENABLE_OBJC_ARC = YES;
				CLANG_ENABLE_OBJC_WEAK = YES;
				CLANG_WARN_BLOCK_CAPTURE_AUTORELEASING = YES;
				CLANG_WARN_BOOL_CONVERSION = YES;
				CLANG_WARN_COMMA = YES;
				CLANG_WARN_CONSTANT_CONVERSION = YES;
				CLANG_WARN_DEPRECATED_OBJC_IMPLEMENTATIONS = YES;
				CLANG_WARN_DIRECT_OBJC_ISA_USAGE = YES_ERROR;
				CLANG_WARN_DOCUMENTATION_COMMENTS = YES;
				CLANG_WARN_EMPTY_BODY = YES;
				CLANG_WARN_ENUM_CONVERSION = YES;
				CLANG_WARN_INFINITE_RECURSION = YES;
				CLANG_WARN_INT_CONVERSION = YES;
				CLANG_WARN_NON_LITERAL_NULL_CONVERSION = YES;
				CLANG_WARN_OBJC_IMPLICIT_RETAIN_SELF = YES;
				CLANG_WARN_OBJC_LITERAL_CONVERSION = YES;
				CLANG_WARN_OBJC_ROOT_CLASS = YES_ERROR;
				CLANG_WARN_RANGE_LOOP_ANALYSIS = YES;
				CLANG_WARN_STRICT_PROTOTYPES = YES;
				CLANG_WARN_SUSPICIOUS_MOVE = YES;
				CLANG_WARN_UNGUARDED_AVAILABILITY = YES_AGGRESSIVE;
				CLANG_WARN_UNREACHABLE_CODE = YES;
				CLANG_WARN__DUPLICATE_METHOD_MATCH = YES;
				CODE_SIGN_IDENTITY = "iPhone Developer";
				COPY_PHASE_STRIP = NO;
				DEBUG_INFORMATION_FORMAT = dwarf;
				ENABLE_STRICT_OBJC_MSGSEND = YES;
				ENABLE_TESTABILITY = YES;
				GCC_C_LANGUAGE_STANDARD = gnu11;
				GCC_DYNAMIC_NO_PIC = NO;
				GCC_NO_COMMON_BLOCKS = YES;
				GCC_OPTIMIZATION_LEVEL = 0;
				GCC_PREPROCESSOR_DEFINITIONS = (
					"DEBUG=1",
					"$(inherited)",
				);
				GCC_WARN_64_TO_32_BIT_CONVERSION = YES;
				GCC_WARN_ABOUT_RETURN_TYPE = YES_ERROR;
				GCC_WARN_UNDECLARED_SELECTOR = YES;
				GCC_WARN_UNINITIALIZED_AUTOS = YES_AGGRESSIVE;
				GCC_WARN_UNUSED_FUNCTION = YES;
				GCC_WARN_UNUSED_VARIABLE = YES;
				IPHONEOS_DEPLOYMENT_TARGET = 12.0;
				MTL_ENABLE_DEBUG_INFO = INCLUDE_SOURCE;
				MTL_FAST_MATH = YES;
				ONLY_ACTIVE_ARCH = YES;
				SDKROOT = iphoneos;
				SWIFT_ACTIVE_COMPILATION_CONDITIONS = DEBUG;
				SWIFT_OPTIMIZATION_LEVEL = "-Onone";
			};
			name = Debug;
		};
		D91F84B22175CC12005A92F1 /* Release */ = {
			isa = XCBuildConfiguration;
			buildSettings = {
				ALWAYS_SEARCH_USER_PATHS = NO;
				CLANG_ANALYZER_NONNULL = YES;
				CLANG_ANALYZER_NUMBER_OBJECT_CONVERSION = YES_AGGRESSIVE;
				CLANG_CXX_LANGUAGE_STANDARD = "gnu++14";
				CLANG_CXX_LIBRARY = "libc++";
				CLANG_ENABLE_MODULES = YES;
				CLANG_ENABLE_OBJC_ARC = YES;
				CLANG_ENABLE_OBJC_WEAK = YES;
				CLANG_WARN_BLOCK_CAPTURE_AUTORELEASING = YES;
				CLANG_WARN_BOOL_CONVERSION = YES;
				CLANG_WARN_COMMA = YES;
				CLANG_WARN_CONSTANT_CONVERSION = YES;
				CLANG_WARN_DEPRECATED_OBJC_IMPLEMENTATIONS = YES;
				CLANG_WARN_DIRECT_OBJC_ISA_USAGE = YES_ERROR;
				CLANG_WARN_DOCUMENTATION_COMMENTS = YES;
				CLANG_WARN_EMPTY_BODY = YES;
				CLANG_WARN_ENUM_CONVERSION = YES;
				CLANG_WARN_INFINITE_RECURSION = YES;
				CLANG_WARN_INT_CONVERSION = YES;
				CLANG_WARN_NON_LITERAL_NULL_CONVERSION = YES;
				CLANG_WARN_OBJC_IMPLICIT_RETAIN_SELF = YES;
				CLANG_WARN_OBJC_LITERAL_CONVERSION = YES;
				CLANG_WARN_OBJC_ROOT_CLASS = YES_ERROR;
				CLANG_WARN_RANGE_LOOP_ANALYSIS = YES;
				CLANG_WARN_STRICT_PROTOTYPES = YES;
				CLANG_WARN_SUSPICIOUS_MOVE = YES;
				CLANG_WARN_UNGUARDED_AVAILABILITY = YES_AGGRESSIVE;
				CLANG_WARN_UNREACHABLE_CODE = YES;
				CLANG_WARN__DUPLICATE_METHOD_MATCH = YES;
				CODE_SIGN_IDENTITY = "iPhone Developer";
				COPY_PHASE_STRIP = NO;
				DEBUG_INFORMATION_FORMAT = "dwarf-with-dsym";
				ENABLE_NS_ASSERTIONS = NO;
				ENABLE_STRICT_OBJC_MSGSEND = YES;
				GCC_C_LANGUAGE_STANDARD = gnu11;
				GCC_NO_COMMON_BLOCKS = YES;
				GCC_WARN_64_TO_32_BIT_CONVERSION = YES;
				GCC_WARN_ABOUT_RETURN_TYPE = YES_ERROR;
				GCC_WARN_UNDECLARED_SELECTOR = YES;
				GCC_WARN_UNINITIALIZED_AUTOS = YES_AGGRESSIVE;
				GCC_WARN_UNUSED_FUNCTION = YES;
				GCC_WARN_UNUSED_VARIABLE = YES;
				IPHONEOS_DEPLOYMENT_TARGET = 12.0;
				MTL_ENABLE_DEBUG_INFO = NO;
				MTL_FAST_MATH = YES;
				SDKROOT = iphoneos;
				SWIFT_COMPILATION_MODE = wholemodule;
				SWIFT_OPTIMIZATION_LEVEL = "-O";
				VALIDATE_PRODUCT = YES;
			};
			name = Release;
		};
		D91F84B42175CC12005A92F1 /* Debug */ = {
			isa = XCBuildConfiguration;
			baseConfigurationReference = C8F9DC0BBB21200F5D20B1D4 /* Pods-Sample.debug.xcconfig */;
			buildSettings = {
				ASSETCATALOG_COMPILER_APPICON_NAME = AppIcon;
				CLANG_ENABLE_MODULES = YES;
				CODE_SIGN_STYLE = Automatic;
				CURRENT_PROJECT_VERSION = 15;
				DEVELOPMENT_TEAM = WG4VFF78ZM;
				FRAMEWORK_SEARCH_PATHS = "$(inherited)";
				INFOPLIST_FILE = "$(SRCROOT)/Sample/Info.plist";
				IPHONEOS_DEPLOYMENT_TARGET = 9.0;
				LD_RUNPATH_SEARCH_PATHS = (
					"$(inherited)",
					"@executable_path/Frameworks",
				);
				LIBRARY_SEARCH_PATHS = "$(inherited)";
				ONLY_ACTIVE_ARCH = YES;
				OTHER_LDFLAGS = "$(inherited)";
				PRODUCT_BUNDLE_IDENTIFIER = com.bidmachine.sample;
				PRODUCT_NAME = "$(TARGET_NAME)";
				SWIFT_OBJC_BRIDGING_HEADER = "Sample/Sample-Bridging-Header.h";
				SWIFT_OPTIMIZATION_LEVEL = "-Onone";
				SWIFT_VERSION = 5.0;
				TARGETED_DEVICE_FAMILY = "1,2";
				VERSIONING_SYSTEM = "apple-generic";
			};
			name = Debug;
		};
		D91F84B52175CC12005A92F1 /* Release */ = {
			isa = XCBuildConfiguration;
			baseConfigurationReference = EAA8D49FD3B1F072B2EC5C1A /* Pods-Sample.release.xcconfig */;
			buildSettings = {
				ASSETCATALOG_COMPILER_APPICON_NAME = AppIcon;
				CLANG_ENABLE_MODULES = YES;
				CODE_SIGN_STYLE = Automatic;
				CURRENT_PROJECT_VERSION = 15;
				DEVELOPMENT_TEAM = WG4VFF78ZM;
				FRAMEWORK_SEARCH_PATHS = "$(inherited)";
				INFOPLIST_FILE = "$(SRCROOT)/Sample/Info.plist";
				IPHONEOS_DEPLOYMENT_TARGET = 9.0;
				LD_RUNPATH_SEARCH_PATHS = (
					"$(inherited)",
					"@executable_path/Frameworks",
				);
				LIBRARY_SEARCH_PATHS = "$(inherited)";
				ONLY_ACTIVE_ARCH = NO;
				OTHER_LDFLAGS = "$(inherited)";
				PRODUCT_BUNDLE_IDENTIFIER = com.bidmachine.sample;
				PRODUCT_NAME = "$(TARGET_NAME)";
				SWIFT_OBJC_BRIDGING_HEADER = "Sample/Sample-Bridging-Header.h";
				SWIFT_VERSION = 5.0;
				TARGETED_DEVICE_FAMILY = "1,2";
				VERSIONING_SYSTEM = "apple-generic";
			};
			name = Release;
		};
/* End XCBuildConfiguration section */

/* Begin XCConfigurationList section */
		D91F849C2175CC11005A92F1 /* Build configuration list for PBXProject "Sample" */ = {
			isa = XCConfigurationList;
			buildConfigurations = (
				D91F84B12175CC12005A92F1 /* Debug */,
				D91F84B22175CC12005A92F1 /* Release */,
			);
			defaultConfigurationIsVisible = 0;
			defaultConfigurationName = Release;
		};
		D91F84B32175CC12005A92F1 /* Build configuration list for PBXNativeTarget "Sample" */ = {
			isa = XCConfigurationList;
			buildConfigurations = (
				D91F84B42175CC12005A92F1 /* Debug */,
				D91F84B52175CC12005A92F1 /* Release */,
			);
			defaultConfigurationIsVisible = 0;
			defaultConfigurationName = Release;
		};
/* End XCConfigurationList section */
	};
	rootObject = D91F84992175CC11005A92F1 /* Project object */;
}
