// !$*UTF8*$!
{
	archiveVersion = 1;
	classes = {
	};
	objectVersion = 50;
	objects = {

/* Begin PBXBuildFile section */
		429C195721600F6B0048F400 /* DisplayKit.h in Headers */ = {isa = PBXBuildFile; fileRef = 429C195521600F6B0048F400 /* DisplayKit.h */; settings = {ATTRIBUTES = (Public, ); }; };
		42C3FD302162047F004D3784 /* DSKGeometry.h in Headers */ = {isa = PBXBuildFile; fileRef = 42C3FD1D2162047F004D3784 /* DSKGeometry.h */; settings = {ATTRIBUTES = (Public, ); }; };
		42C3FD312162047F004D3784 /* DSKCustomControlLayer.m in Sources */ = {isa = PBXBuildFile; fileRef = 42C3FD1E2162047F004D3784 /* DSKCustomControlLayer.m */; };
		42C3FD322162047F004D3784 /* DSKCircleTimerButton.m in Sources */ = {isa = PBXBuildFile; fileRef = 42C3FD1F2162047F004D3784 /* DSKCircleTimerButton.m */; };
		42C3FD332162047F004D3784 /* DSKConstraintMaker+Private.h in Headers */ = {isa = PBXBuildFile; fileRef = 42C3FD202162047F004D3784 /* DSKConstraintMaker+Private.h */; settings = {ATTRIBUTES = (Public, ); }; };
		42C3FD342162047F004D3784 /* DSKVideoPlayer.h in Headers */ = {isa = PBXBuildFile; fileRef = 42C3FD212162047F004D3784 /* DSKVideoPlayer.h */; settings = {ATTRIBUTES = (Public, ); }; };
		42C3FD352162047F004D3784 /* DSKConstraintMaker.m in Sources */ = {isa = PBXBuildFile; fileRef = 42C3FD222162047F004D3784 /* DSKConstraintMaker.m */; };
		42C3FD372162047F004D3784 /* DSKCircleTimerButton.h in Headers */ = {isa = PBXBuildFile; fileRef = 42C3FD242162047F004D3784 /* DSKCircleTimerButton.h */; settings = {ATTRIBUTES = (Public, ); }; };
		42C3FD382162047F004D3784 /* DSKConstraintMaker.h in Headers */ = {isa = PBXBuildFile; fileRef = 42C3FD252162047F004D3784 /* DSKConstraintMaker.h */; settings = {ATTRIBUTES = (Public, ); }; };
		42C3FD392162047F004D3784 /* DSKConstraint.h in Headers */ = {isa = PBXBuildFile; fileRef = 42C3FD262162047F004D3784 /* DSKConstraint.h */; settings = {ATTRIBUTES = (Public, ); }; };
		42C3FD3A2162047F004D3784 /* DSKGraphicButton.m in Sources */ = {isa = PBXBuildFile; fileRef = 42C3FD272162047F004D3784 /* DSKGraphicButton.m */; };
		42C3FD3D2162047F004D3784 /* DSKCustomScenario.h in Headers */ = {isa = PBXBuildFile; fileRef = 42C3FD2A2162047F004D3784 /* DSKCustomScenario.h */; settings = {ATTRIBUTES = (Public, ); }; };
		42C3FD3E2162047F004D3784 /* DSKGraphicButton.h in Headers */ = {isa = PBXBuildFile; fileRef = 42C3FD2B2162047F004D3784 /* DSKGraphicButton.h */; settings = {ATTRIBUTES = (Public, ); }; };
		42C3FD402162047F004D3784 /* DSKVideoPlayer.m in Sources */ = {isa = PBXBuildFile; fileRef = 42C3FD2D2162047F004D3784 /* DSKVideoPlayer.m */; };
		42C3FD412162047F004D3784 /* DSKCustomControlLayer.h in Headers */ = {isa = PBXBuildFile; fileRef = 42C3FD2E2162047F004D3784 /* DSKCustomControlLayer.h */; settings = {ATTRIBUTES = (Public, ); }; };
		42C3FD422162047F004D3784 /* DSKGeometry.m in Sources */ = {isa = PBXBuildFile; fileRef = 42C3FD2F2162047F004D3784 /* DSKGeometry.m */; };
		42C3FD4A216204AF004D3784 /* DSKThirdPartyEventTracker.m in Sources */ = {isa = PBXBuildFile; fileRef = 42C3FD44216204AE004D3784 /* DSKThirdPartyEventTracker.m */; };
		42C3FD4B216204AF004D3784 /* UIView+DSKConstraint.h in Headers */ = {isa = PBXBuildFile; fileRef = 42C3FD45216204AE004D3784 /* UIView+DSKConstraint.h */; settings = {ATTRIBUTES = (Public, ); }; };
		42C3FD4C216204AF004D3784 /* DSKThirdPartyEventTracker.h in Headers */ = {isa = PBXBuildFile; fileRef = 42C3FD46216204AF004D3784 /* DSKThirdPartyEventTracker.h */; settings = {ATTRIBUTES = (Public, ); }; };
		42C3FD4D216204AF004D3784 /* UIView+DSKConstraint.m in Sources */ = {isa = PBXBuildFile; fileRef = 42C3FD47216204AF004D3784 /* UIView+DSKConstraint.m */; };
		42C3FD4E216204AF004D3784 /* NSString+DSKExtensions.m in Sources */ = {isa = PBXBuildFile; fileRef = 42C3FD48216204AF004D3784 /* NSString+DSKExtensions.m */; };
		42C3FD4F216204AF004D3784 /* NSString+DSKExtensions.h in Headers */ = {isa = PBXBuildFile; fileRef = 42C3FD49216204AF004D3784 /* NSString+DSKExtensions.h */; settings = {ATTRIBUTES = (Public, ); }; };
		42C3FD7B21620E7D004D3784 /* DSKXMLModel.m in Sources */ = {isa = PBXBuildFile; fileRef = 42C3FD5121620E7C004D3784 /* DSKXMLModel.m */; };
		42C3FD7C21620E7D004D3784 /* DSKVASTSettings.h in Headers */ = {isa = PBXBuildFile; fileRef = 42C3FD5221620E7C004D3784 /* DSKVASTSettings.h */; settings = {ATTRIBUTES = (Public, ); }; };
		42C3FD7D21620E7D004D3784 /* DSKSKVASTModel.m in Sources */ = {isa = PBXBuildFile; fileRef = 42C3FD5321620E7C004D3784 /* DSKSKVASTModel.m */; };
		42C3FD7E21620E7D004D3784 /* DSKVASTExtension.h in Headers */ = {isa = PBXBuildFile; fileRef = 42C3FD5421620E7C004D3784 /* DSKVASTExtension.h */; settings = {ATTRIBUTES = (Public, ); }; };
		42C3FD7F21620E7D004D3784 /* DSKVASTResourceModel.m in Sources */ = {isa = PBXBuildFile; fileRef = 42C3FD5521620E7C004D3784 /* DSKVASTResourceModel.m */; };
		42C3FD8021620E7D004D3784 /* DSKVASTCompanionModel.h in Headers */ = {isa = PBXBuildFile; fileRef = 42C3FD5621620E7C004D3784 /* DSKVASTCompanionModel.h */; settings = {ATTRIBUTES = (Public, ); }; };
		42C3FD8121620E7D004D3784 /* DSKXMLModel.h in Headers */ = {isa = PBXBuildFile; fileRef = 42C3FD5721620E7C004D3784 /* DSKXMLModel.h */; settings = {ATTRIBUTES = (Public, ); }; };
		42C3FD8221620E7D004D3784 /* DSKVASTAutoRotationViewController.h in Headers */ = {isa = PBXBuildFile; fileRef = 42C3FD5821620E7C004D3784 /* DSKVASTAutoRotationViewController.h */; settings = {ATTRIBUTES = (Public, ); }; };
		42C3FD8321620E7D004D3784 /* DSKVASTExtension.m in Sources */ = {isa = PBXBuildFile; fileRef = 42C3FD5921620E7C004D3784 /* DSKVASTExtension.m */; };
		42C3FD8421620E7D004D3784 /* DSKVASTVideoModel.m in Sources */ = {isa = PBXBuildFile; fileRef = 42C3FD5A21620E7C004D3784 /* DSKVASTVideoModel.m */; };
		42C3FD8521620E7D004D3784 /* DSKSKVASTModel.h in Headers */ = {isa = PBXBuildFile; fileRef = 42C3FD5B21620E7C004D3784 /* DSKSKVASTModel.h */; settings = {ATTRIBUTES = (Public, ); }; };
		42C3FD8621620E7D004D3784 /* DSKVASTCompanionView.h in Headers */ = {isa = PBXBuildFile; fileRef = 42C3FD5C21620E7C004D3784 /* DSKVASTCompanionView.h */; settings = {ATTRIBUTES = (Public, ); }; };
		42C3FD8721620E7D004D3784 /* DSKVASTAutoRotationViewController.m in Sources */ = {isa = PBXBuildFile; fileRef = 42C3FD5D21620E7C004D3784 /* DSKVASTAutoRotationViewController.m */; };
		42C3FD8821620E7D004D3784 /* DSKVASTController.m in Sources */ = {isa = PBXBuildFile; fileRef = 42C3FD5E21620E7C004D3784 /* DSKVASTController.m */; };
		42C3FD8921620E7D004D3784 /* DSKVASTCompanion+Private.h in Headers */ = {isa = PBXBuildFile; fileRef = 42C3FD5F21620E7C004D3784 /* DSKVASTCompanion+Private.h */; settings = {ATTRIBUTES = (Public, ); }; };
		42C3FD8A21620E7D004D3784 /* NSError+DSKVAST.h in Headers */ = {isa = PBXBuildFile; fileRef = 42C3FD6021620E7C004D3784 /* NSError+DSKVAST.h */; settings = {ATTRIBUTES = (Public, ); }; };
		42C3FD8B21620E7D004D3784 /* DSKVASTTrackingModel.m in Sources */ = {isa = PBXBuildFile; fileRef = 42C3FD6121620E7C004D3784 /* DSKVASTTrackingModel.m */; };
		42C3FD8C21620E7D004D3784 /* DSKVASTCompanion.m in Sources */ = {isa = PBXBuildFile; fileRef = 42C3FD6221620E7C004D3784 /* DSKVASTCompanion.m */; };
		42C3FD8D21620E7D004D3784 /* DSKSKVASTCompanion.m in Sources */ = {isa = PBXBuildFile; fileRef = 42C3FD6321620E7C004D3784 /* DSKSKVASTCompanion.m */; };
		42C3FD8E21620E7D004D3784 /* DSKSKVASTUrlWithId.m in Sources */ = {isa = PBXBuildFile; fileRef = 42C3FD6421620E7C004D3784 /* DSKSKVASTUrlWithId.m */; };
		42C3FD8F21620E7D004D3784 /* DSKVASTExtensionModel.m in Sources */ = {isa = PBXBuildFile; fileRef = 42C3FD6521620E7C004D3784 /* DSKVASTExtensionModel.m */; };
		42C3FD9021620E7D004D3784 /* DSKVASTResourceModel.h in Headers */ = {isa = PBXBuildFile; fileRef = 42C3FD6621620E7C004D3784 /* DSKVASTResourceModel.h */; settings = {ATTRIBUTES = (Public, ); }; };
		42C3FD9121620E7D004D3784 /* DSKVASTSettings.m in Sources */ = {isa = PBXBuildFile; fileRef = 42C3FD6721620E7C004D3784 /* DSKVASTSettings.m */; };
		42C3FD9221620E7D004D3784 /* DSKVASTCompanionView.m in Sources */ = {isa = PBXBuildFile; fileRef = 42C3FD6821620E7D004D3784 /* DSKVASTCompanionView.m */; };
		42C3FD9321620E7D004D3784 /* DSKVASTController.h in Headers */ = {isa = PBXBuildFile; fileRef = 42C3FD6921620E7D004D3784 /* DSKVASTController.h */; settings = {ATTRIBUTES = (Public, ); }; };
		42C3FD9421620E7D004D3784 /* DSKSKVASTUrlWithId.h in Headers */ = {isa = PBXBuildFile; fileRef = 42C3FD6A21620E7D004D3784 /* DSKSKVASTUrlWithId.h */; settings = {ATTRIBUTES = (Public, ); }; };
		42C3FD9521620E7D004D3784 /* DSKSKVASTMediaFile.h in Headers */ = {isa = PBXBuildFile; fileRef = 42C3FD6B21620E7D004D3784 /* DSKSKVASTMediaFile.h */; settings = {ATTRIBUTES = (Public, ); }; };
		42C3FD9621620E7D004D3784 /* DSKVASTPostbannerController.m in Sources */ = {isa = PBXBuildFile; fileRef = 42C3FD6C21620E7D004D3784 /* DSKVASTPostbannerController.m */; };
		42C3FD9721620E7D004D3784 /* DSKVASTVideoModel.h in Headers */ = {isa = PBXBuildFile; fileRef = 42C3FD6D21620E7D004D3784 /* DSKVASTVideoModel.h */; settings = {ATTRIBUTES = (Public, ); }; };
		42C3FD9821620E7D004D3784 /* DSKVASTXMLUtil.h in Headers */ = {isa = PBXBuildFile; fileRef = 42C3FD6E21620E7D004D3784 /* DSKVASTXMLUtil.h */; settings = {ATTRIBUTES = (Public, ); }; };
		42C3FD9921620E7D004D3784 /* DSKVASTXMLUtil.m in Sources */ = {isa = PBXBuildFile; fileRef = 42C3FD6F21620E7D004D3784 /* DSKVASTXMLUtil.m */; };
		42C3FD9A21620E7D004D3784 /* DSKVASTExtensionModel.h in Headers */ = {isa = PBXBuildFile; fileRef = 42C3FD7021620E7D004D3784 /* DSKVASTExtensionModel.h */; settings = {ATTRIBUTES = (Public, ); }; };
		42C3FD9B21620E7D004D3784 /* DSKVASTSchema.h in Headers */ = {isa = PBXBuildFile; fileRef = 42C3FD7121620E7D004D3784 /* DSKVASTSchema.h */; settings = {ATTRIBUTES = (Public, ); }; };
		42C3FD9C21620E7D004D3784 /* DSKSKVAST2Parser.h in Headers */ = {isa = PBXBuildFile; fileRef = 42C3FD7221620E7D004D3784 /* DSKSKVAST2Parser.h */; settings = {ATTRIBUTES = (Public, ); }; };
		42C3FD9D21620E7D004D3784 /* DSKVASTTrackingModel.h in Headers */ = {isa = PBXBuildFile; fileRef = 42C3FD7321620E7D004D3784 /* DSKVASTTrackingModel.h */; settings = {ATTRIBUTES = (Public, ); }; };
		42C3FD9E21620E7D004D3784 /* NSError+DSKVAST.m in Sources */ = {isa = PBXBuildFile; fileRef = 42C3FD7421620E7D004D3784 /* NSError+DSKVAST.m */; };
		42C3FD9F21620E7D004D3784 /* DSKVASTCompanion.h in Headers */ = {isa = PBXBuildFile; fileRef = 42C3FD7521620E7D004D3784 /* DSKVASTCompanion.h */; settings = {ATTRIBUTES = (Public, ); }; };
		42C3FDA021620E7D004D3784 /* DSKSKVASTCompanion.h in Headers */ = {isa = PBXBuildFile; fileRef = 42C3FD7621620E7D004D3784 /* DSKSKVASTCompanion.h */; settings = {ATTRIBUTES = (Public, ); }; };
		42C3FDA121620E7D004D3784 /* DSKVASTPostbannerController.h in Headers */ = {isa = PBXBuildFile; fileRef = 42C3FD7721620E7D004D3784 /* DSKVASTPostbannerController.h */; settings = {ATTRIBUTES = (Public, ); }; };
		42C3FDA221620E7D004D3784 /* DSKSKVASTMediaFile.m in Sources */ = {isa = PBXBuildFile; fileRef = 42C3FD7821620E7D004D3784 /* DSKSKVASTMediaFile.m */; };
		42C3FDA321620E7D004D3784 /* DSKSKVAST2Parser.m in Sources */ = {isa = PBXBuildFile; fileRef = 42C3FD7921620E7D004D3784 /* DSKSKVAST2Parser.m */; };
		42C3FDA421620E7D004D3784 /* DSKVASTCompanionModel.m in Sources */ = {isa = PBXBuildFile; fileRef = 42C3FD7A21620E7D004D3784 /* DSKVASTCompanionModel.m */; };
		6500EE2C21B01D6D00E7D281 /* DSKSplashScreenView.h in Headers */ = {isa = PBXBuildFile; fileRef = 6500EE2A21B01D6D00E7D281 /* DSKSplashScreenView.h */; settings = {ATTRIBUTES = (Public, ); }; };
		6500EE2D21B01D6D00E7D281 /* DSKSplashScreenView.m in Sources */ = {isa = PBXBuildFile; fileRef = 6500EE2B21B01D6D00E7D281 /* DSKSplashScreenView.m */; };
		652FF25821886FA800864EBA /* DSKSplashScreenController.h in Headers */ = {isa = PBXBuildFile; fileRef = 652FF25621886FA800864EBA /* DSKSplashScreenController.h */; settings = {ATTRIBUTES = (Public, ); }; };
		652FF25921886FA800864EBA /* DSKSplashScreenController.m in Sources */ = {isa = PBXBuildFile; fileRef = 652FF25721886FA800864EBA /* DSKSplashScreenController.m */; };
		652FF25C21886FF400864EBA /* DSKCloseButton.h in Headers */ = {isa = PBXBuildFile; fileRef = 652FF25A21886FF400864EBA /* DSKCloseButton.h */; settings = {ATTRIBUTES = (Public, ); }; };
		652FF25D21886FF400864EBA /* DSKCloseButton.m in Sources */ = {isa = PBXBuildFile; fileRef = 652FF25B21886FF400864EBA /* DSKCloseButton.m */; };
		65412A7721BEAFF5004CB81D /* DSKSpinnerView.h in Headers */ = {isa = PBXBuildFile; fileRef = 65412A7521BEAFF5004CB81D /* DSKSpinnerView.h */; };
		65412A7821BEAFF5004CB81D /* DSKSpinnerView.m in Sources */ = {isa = PBXBuildFile; fileRef = 65412A7621BEAFF5004CB81D /* DSKSpinnerView.m */; };
		81B77D84228777CA757C6388 /* Pods_DisplayKit.framework in Frameworks */ = {isa = PBXBuildFile; fileRef = D96E2531E45F014E659277DC /* Pods_DisplayKit.framework */; };
/* End PBXBuildFile section */

/* Begin PBXFileReference section */
		1D4F67686A3B8616C67C133F /* Pods-DisplayKit.release.xcconfig */ = {isa = PBXFileReference; includeInIndex = 1; lastKnownFileType = text.xcconfig; name = "Pods-DisplayKit.release.xcconfig"; path = "../Pods/Target Support Files/Pods-DisplayKit/Pods-DisplayKit.release.xcconfig"; sourceTree = "<group>"; };
		424BA2B6219AB84900E2745D /* libBDMMRAIDAdapter.a */ = {isa = PBXFileReference; explicitFileType = archive.ar; path = libBDMMRAIDAdapter.a; sourceTree = BUILT_PRODUCTS_DIR; };
		424BA2B8219AB84900E2745D /* libBDMNASTAdapter.a */ = {isa = PBXFileReference; explicitFileType = archive.ar; path = libBDMNASTAdapter.a; sourceTree = BUILT_PRODUCTS_DIR; };
		424BA2BA219AB84900E2745D /* libBDMVASTAdapter.a */ = {isa = PBXFileReference; explicitFileType = archive.ar; path = libBDMVASTAdapter.a; sourceTree = BUILT_PRODUCTS_DIR; };
		429C195221600F6B0048F400 /* DisplayKit.framework */ = {isa = PBXFileReference; explicitFileType = wrapper.framework; includeInIndex = 0; path = DisplayKit.framework; sourceTree = BUILT_PRODUCTS_DIR; };
		429C195521600F6B0048F400 /* DisplayKit.h */ = {isa = PBXFileReference; lastKnownFileType = sourcecode.c.h; path = DisplayKit.h; sourceTree = "<group>"; };
		429C195621600F6B0048F400 /* Info.plist */ = {isa = PBXFileReference; lastKnownFileType = text.plist.xml; path = Info.plist; sourceTree = "<group>"; };
		42C3FD1D2162047F004D3784 /* DSKGeometry.h */ = {isa = PBXFileReference; fileEncoding = 4; lastKnownFileType = sourcecode.c.h; path = DSKGeometry.h; sourceTree = "<group>"; };
		42C3FD1E2162047F004D3784 /* DSKCustomControlLayer.m */ = {isa = PBXFileReference; fileEncoding = 4; lastKnownFileType = sourcecode.c.objc; path = DSKCustomControlLayer.m; sourceTree = "<group>"; };
		42C3FD1F2162047F004D3784 /* DSKCircleTimerButton.m */ = {isa = PBXFileReference; fileEncoding = 4; lastKnownFileType = sourcecode.c.objc; path = DSKCircleTimerButton.m; sourceTree = "<group>"; };
		42C3FD202162047F004D3784 /* DSKConstraintMaker+Private.h */ = {isa = PBXFileReference; fileEncoding = 4; lastKnownFileType = sourcecode.c.h; path = "DSKConstraintMaker+Private.h"; sourceTree = "<group>"; };
		42C3FD212162047F004D3784 /* DSKVideoPlayer.h */ = {isa = PBXFileReference; fileEncoding = 4; lastKnownFileType = sourcecode.c.h; path = DSKVideoPlayer.h; sourceTree = "<group>"; };
		42C3FD222162047F004D3784 /* DSKConstraintMaker.m */ = {isa = PBXFileReference; fileEncoding = 4; lastKnownFileType = sourcecode.c.objc; path = DSKConstraintMaker.m; sourceTree = "<group>"; };
		42C3FD242162047F004D3784 /* DSKCircleTimerButton.h */ = {isa = PBXFileReference; fileEncoding = 4; lastKnownFileType = sourcecode.c.h; path = DSKCircleTimerButton.h; sourceTree = "<group>"; };
		42C3FD252162047F004D3784 /* DSKConstraintMaker.h */ = {isa = PBXFileReference; fileEncoding = 4; lastKnownFileType = sourcecode.c.h; path = DSKConstraintMaker.h; sourceTree = "<group>"; };
		42C3FD262162047F004D3784 /* DSKConstraint.h */ = {isa = PBXFileReference; fileEncoding = 4; lastKnownFileType = sourcecode.c.h; path = DSKConstraint.h; sourceTree = "<group>"; };
		42C3FD272162047F004D3784 /* DSKGraphicButton.m */ = {isa = PBXFileReference; fileEncoding = 4; lastKnownFileType = sourcecode.c.objc; path = DSKGraphicButton.m; sourceTree = "<group>"; };
		42C3FD2A2162047F004D3784 /* DSKCustomScenario.h */ = {isa = PBXFileReference; fileEncoding = 4; lastKnownFileType = sourcecode.c.h; path = DSKCustomScenario.h; sourceTree = "<group>"; };
		42C3FD2B2162047F004D3784 /* DSKGraphicButton.h */ = {isa = PBXFileReference; fileEncoding = 4; lastKnownFileType = sourcecode.c.h; path = DSKGraphicButton.h; sourceTree = "<group>"; };
		42C3FD2D2162047F004D3784 /* DSKVideoPlayer.m */ = {isa = PBXFileReference; fileEncoding = 4; lastKnownFileType = sourcecode.c.objc; path = DSKVideoPlayer.m; sourceTree = "<group>"; };
		42C3FD2E2162047F004D3784 /* DSKCustomControlLayer.h */ = {isa = PBXFileReference; fileEncoding = 4; lastKnownFileType = sourcecode.c.h; path = DSKCustomControlLayer.h; sourceTree = "<group>"; };
		42C3FD2F2162047F004D3784 /* DSKGeometry.m */ = {isa = PBXFileReference; fileEncoding = 4; lastKnownFileType = sourcecode.c.objc; path = DSKGeometry.m; sourceTree = "<group>"; };
		42C3FD44216204AE004D3784 /* DSKThirdPartyEventTracker.m */ = {isa = PBXFileReference; fileEncoding = 4; lastKnownFileType = sourcecode.c.objc; path = DSKThirdPartyEventTracker.m; sourceTree = "<group>"; };
		42C3FD45216204AE004D3784 /* UIView+DSKConstraint.h */ = {isa = PBXFileReference; fileEncoding = 4; lastKnownFileType = sourcecode.c.h; path = "UIView+DSKConstraint.h"; sourceTree = "<group>"; };
		42C3FD46216204AF004D3784 /* DSKThirdPartyEventTracker.h */ = {isa = PBXFileReference; fileEncoding = 4; lastKnownFileType = sourcecode.c.h; path = DSKThirdPartyEventTracker.h; sourceTree = "<group>"; };
		42C3FD47216204AF004D3784 /* UIView+DSKConstraint.m */ = {isa = PBXFileReference; fileEncoding = 4; lastKnownFileType = sourcecode.c.objc; path = "UIView+DSKConstraint.m"; sourceTree = "<group>"; };
		42C3FD48216204AF004D3784 /* NSString+DSKExtensions.m */ = {isa = PBXFileReference; fileEncoding = 4; lastKnownFileType = sourcecode.c.objc; path = "NSString+DSKExtensions.m"; sourceTree = "<group>"; };
		42C3FD49216204AF004D3784 /* NSString+DSKExtensions.h */ = {isa = PBXFileReference; fileEncoding = 4; lastKnownFileType = sourcecode.c.h; path = "NSString+DSKExtensions.h"; sourceTree = "<group>"; };
		42C3FD5121620E7C004D3784 /* DSKXMLModel.m */ = {isa = PBXFileReference; fileEncoding = 4; lastKnownFileType = sourcecode.c.objc; path = DSKXMLModel.m; sourceTree = "<group>"; };
		42C3FD5221620E7C004D3784 /* DSKVASTSettings.h */ = {isa = PBXFileReference; fileEncoding = 4; lastKnownFileType = sourcecode.c.h; path = DSKVASTSettings.h; sourceTree = "<group>"; };
		42C3FD5321620E7C004D3784 /* DSKSKVASTModel.m */ = {isa = PBXFileReference; fileEncoding = 4; lastKnownFileType = sourcecode.c.objc; path = DSKSKVASTModel.m; sourceTree = "<group>"; };
		42C3FD5421620E7C004D3784 /* DSKVASTExtension.h */ = {isa = PBXFileReference; fileEncoding = 4; lastKnownFileType = sourcecode.c.h; path = DSKVASTExtension.h; sourceTree = "<group>"; };
		42C3FD5521620E7C004D3784 /* DSKVASTResourceModel.m */ = {isa = PBXFileReference; fileEncoding = 4; lastKnownFileType = sourcecode.c.objc; path = DSKVASTResourceModel.m; sourceTree = "<group>"; };
		42C3FD5621620E7C004D3784 /* DSKVASTCompanionModel.h */ = {isa = PBXFileReference; fileEncoding = 4; lastKnownFileType = sourcecode.c.h; path = DSKVASTCompanionModel.h; sourceTree = "<group>"; };
		42C3FD5721620E7C004D3784 /* DSKXMLModel.h */ = {isa = PBXFileReference; fileEncoding = 4; lastKnownFileType = sourcecode.c.h; path = DSKXMLModel.h; sourceTree = "<group>"; };
		42C3FD5821620E7C004D3784 /* DSKVASTAutoRotationViewController.h */ = {isa = PBXFileReference; fileEncoding = 4; lastKnownFileType = sourcecode.c.h; path = DSKVASTAutoRotationViewController.h; sourceTree = "<group>"; };
		42C3FD5921620E7C004D3784 /* DSKVASTExtension.m */ = {isa = PBXFileReference; fileEncoding = 4; lastKnownFileType = sourcecode.c.objc; path = DSKVASTExtension.m; sourceTree = "<group>"; };
		42C3FD5A21620E7C004D3784 /* DSKVASTVideoModel.m */ = {isa = PBXFileReference; fileEncoding = 4; lastKnownFileType = sourcecode.c.objc; path = DSKVASTVideoModel.m; sourceTree = "<group>"; };
		42C3FD5B21620E7C004D3784 /* DSKSKVASTModel.h */ = {isa = PBXFileReference; fileEncoding = 4; lastKnownFileType = sourcecode.c.h; path = DSKSKVASTModel.h; sourceTree = "<group>"; };
		42C3FD5C21620E7C004D3784 /* DSKVASTCompanionView.h */ = {isa = PBXFileReference; fileEncoding = 4; lastKnownFileType = sourcecode.c.h; path = DSKVASTCompanionView.h; sourceTree = "<group>"; };
		42C3FD5D21620E7C004D3784 /* DSKVASTAutoRotationViewController.m */ = {isa = PBXFileReference; fileEncoding = 4; lastKnownFileType = sourcecode.c.objc; path = DSKVASTAutoRotationViewController.m; sourceTree = "<group>"; };
		42C3FD5E21620E7C004D3784 /* DSKVASTController.m */ = {isa = PBXFileReference; fileEncoding = 4; lastKnownFileType = sourcecode.c.objc; path = DSKVASTController.m; sourceTree = "<group>"; };
		42C3FD5F21620E7C004D3784 /* DSKVASTCompanion+Private.h */ = {isa = PBXFileReference; fileEncoding = 4; lastKnownFileType = sourcecode.c.h; path = "DSKVASTCompanion+Private.h"; sourceTree = "<group>"; };
		42C3FD6021620E7C004D3784 /* NSError+DSKVAST.h */ = {isa = PBXFileReference; fileEncoding = 4; lastKnownFileType = sourcecode.c.h; path = "NSError+DSKVAST.h"; sourceTree = "<group>"; };
		42C3FD6121620E7C004D3784 /* DSKVASTTrackingModel.m */ = {isa = PBXFileReference; fileEncoding = 4; lastKnownFileType = sourcecode.c.objc; path = DSKVASTTrackingModel.m; sourceTree = "<group>"; };
		42C3FD6221620E7C004D3784 /* DSKVASTCompanion.m */ = {isa = PBXFileReference; fileEncoding = 4; lastKnownFileType = sourcecode.c.objc; path = DSKVASTCompanion.m; sourceTree = "<group>"; };
		42C3FD6321620E7C004D3784 /* DSKSKVASTCompanion.m */ = {isa = PBXFileReference; fileEncoding = 4; lastKnownFileType = sourcecode.c.objc; path = DSKSKVASTCompanion.m; sourceTree = "<group>"; };
		42C3FD6421620E7C004D3784 /* DSKSKVASTUrlWithId.m */ = {isa = PBXFileReference; fileEncoding = 4; lastKnownFileType = sourcecode.c.objc; path = DSKSKVASTUrlWithId.m; sourceTree = "<group>"; };
		42C3FD6521620E7C004D3784 /* DSKVASTExtensionModel.m */ = {isa = PBXFileReference; fileEncoding = 4; lastKnownFileType = sourcecode.c.objc; path = DSKVASTExtensionModel.m; sourceTree = "<group>"; };
		42C3FD6621620E7C004D3784 /* DSKVASTResourceModel.h */ = {isa = PBXFileReference; fileEncoding = 4; lastKnownFileType = sourcecode.c.h; path = DSKVASTResourceModel.h; sourceTree = "<group>"; };
		42C3FD6721620E7C004D3784 /* DSKVASTSettings.m */ = {isa = PBXFileReference; fileEncoding = 4; lastKnownFileType = sourcecode.c.objc; path = DSKVASTSettings.m; sourceTree = "<group>"; };
		42C3FD6821620E7D004D3784 /* DSKVASTCompanionView.m */ = {isa = PBXFileReference; fileEncoding = 4; lastKnownFileType = sourcecode.c.objc; path = DSKVASTCompanionView.m; sourceTree = "<group>"; };
		42C3FD6921620E7D004D3784 /* DSKVASTController.h */ = {isa = PBXFileReference; fileEncoding = 4; lastKnownFileType = sourcecode.c.h; path = DSKVASTController.h; sourceTree = "<group>"; };
		42C3FD6A21620E7D004D3784 /* DSKSKVASTUrlWithId.h */ = {isa = PBXFileReference; fileEncoding = 4; lastKnownFileType = sourcecode.c.h; path = DSKSKVASTUrlWithId.h; sourceTree = "<group>"; };
		42C3FD6B21620E7D004D3784 /* DSKSKVASTMediaFile.h */ = {isa = PBXFileReference; fileEncoding = 4; lastKnownFileType = sourcecode.c.h; path = DSKSKVASTMediaFile.h; sourceTree = "<group>"; };
		42C3FD6C21620E7D004D3784 /* DSKVASTPostbannerController.m */ = {isa = PBXFileReference; fileEncoding = 4; lastKnownFileType = sourcecode.c.objc; path = DSKVASTPostbannerController.m; sourceTree = "<group>"; };
		42C3FD6D21620E7D004D3784 /* DSKVASTVideoModel.h */ = {isa = PBXFileReference; fileEncoding = 4; lastKnownFileType = sourcecode.c.h; path = DSKVASTVideoModel.h; sourceTree = "<group>"; };
		42C3FD6E21620E7D004D3784 /* DSKVASTXMLUtil.h */ = {isa = PBXFileReference; fileEncoding = 4; lastKnownFileType = sourcecode.c.h; path = DSKVASTXMLUtil.h; sourceTree = "<group>"; };
		42C3FD6F21620E7D004D3784 /* DSKVASTXMLUtil.m */ = {isa = PBXFileReference; fileEncoding = 4; lastKnownFileType = sourcecode.c.objc; path = DSKVASTXMLUtil.m; sourceTree = "<group>"; };
		42C3FD7021620E7D004D3784 /* DSKVASTExtensionModel.h */ = {isa = PBXFileReference; fileEncoding = 4; lastKnownFileType = sourcecode.c.h; path = DSKVASTExtensionModel.h; sourceTree = "<group>"; };
		42C3FD7121620E7D004D3784 /* DSKVASTSchema.h */ = {isa = PBXFileReference; fileEncoding = 4; lastKnownFileType = sourcecode.c.h; path = DSKVASTSchema.h; sourceTree = "<group>"; };
		42C3FD7221620E7D004D3784 /* DSKSKVAST2Parser.h */ = {isa = PBXFileReference; fileEncoding = 4; lastKnownFileType = sourcecode.c.h; path = DSKSKVAST2Parser.h; sourceTree = "<group>"; };
		42C3FD7321620E7D004D3784 /* DSKVASTTrackingModel.h */ = {isa = PBXFileReference; fileEncoding = 4; lastKnownFileType = sourcecode.c.h; path = DSKVASTTrackingModel.h; sourceTree = "<group>"; };
		42C3FD7421620E7D004D3784 /* NSError+DSKVAST.m */ = {isa = PBXFileReference; fileEncoding = 4; lastKnownFileType = sourcecode.c.objc; path = "NSError+DSKVAST.m"; sourceTree = "<group>"; };
		42C3FD7521620E7D004D3784 /* DSKVASTCompanion.h */ = {isa = PBXFileReference; fileEncoding = 4; lastKnownFileType = sourcecode.c.h; path = DSKVASTCompanion.h; sourceTree = "<group>"; };
		42C3FD7621620E7D004D3784 /* DSKSKVASTCompanion.h */ = {isa = PBXFileReference; fileEncoding = 4; lastKnownFileType = sourcecode.c.h; path = DSKSKVASTCompanion.h; sourceTree = "<group>"; };
		42C3FD7721620E7D004D3784 /* DSKVASTPostbannerController.h */ = {isa = PBXFileReference; fileEncoding = 4; lastKnownFileType = sourcecode.c.h; path = DSKVASTPostbannerController.h; sourceTree = "<group>"; };
		42C3FD7821620E7D004D3784 /* DSKSKVASTMediaFile.m */ = {isa = PBXFileReference; fileEncoding = 4; lastKnownFileType = sourcecode.c.objc; path = DSKSKVASTMediaFile.m; sourceTree = "<group>"; };
		42C3FD7921620E7D004D3784 /* DSKSKVAST2Parser.m */ = {isa = PBXFileReference; fileEncoding = 4; lastKnownFileType = sourcecode.c.objc; path = DSKSKVAST2Parser.m; sourceTree = "<group>"; };
		42C3FD7A21620E7D004D3784 /* DSKVASTCompanionModel.m */ = {isa = PBXFileReference; fileEncoding = 4; lastKnownFileType = sourcecode.c.objc; path = DSKVASTCompanionModel.m; sourceTree = "<group>"; };
		6500EE2A21B01D6D00E7D281 /* DSKSplashScreenView.h */ = {isa = PBXFileReference; lastKnownFileType = sourcecode.c.h; path = DSKSplashScreenView.h; sourceTree = "<group>"; };
		6500EE2B21B01D6D00E7D281 /* DSKSplashScreenView.m */ = {isa = PBXFileReference; lastKnownFileType = sourcecode.c.objc; path = DSKSplashScreenView.m; sourceTree = "<group>"; };
		651D7321218C43000001227B /* SafariServices.framework */ = {isa = PBXFileReference; lastKnownFileType = wrapper.framework; name = SafariServices.framework; path = System/Library/Frameworks/SafariServices.framework; sourceTree = SDKROOT; };
		651D7323218C432B0001227B /* AVFoundation.framework */ = {isa = PBXFileReference; lastKnownFileType = wrapper.framework; name = AVFoundation.framework; path = System/Library/Frameworks/AVFoundation.framework; sourceTree = SDKROOT; };
		651D7325218C43350001227B /* AVKit.framework */ = {isa = PBXFileReference; lastKnownFileType = wrapper.framework; name = AVKit.framework; path = System/Library/Frameworks/AVKit.framework; sourceTree = SDKROOT; };
		652FF25621886FA800864EBA /* DSKSplashScreenController.h */ = {isa = PBXFileReference; lastKnownFileType = sourcecode.c.h; path = DSKSplashScreenController.h; sourceTree = "<group>"; };
		652FF25721886FA800864EBA /* DSKSplashScreenController.m */ = {isa = PBXFileReference; lastKnownFileType = sourcecode.c.objc; path = DSKSplashScreenController.m; sourceTree = "<group>"; };
		652FF25A21886FF400864EBA /* DSKCloseButton.h */ = {isa = PBXFileReference; lastKnownFileType = sourcecode.c.h; path = DSKCloseButton.h; sourceTree = "<group>"; };
		652FF25B21886FF400864EBA /* DSKCloseButton.m */ = {isa = PBXFileReference; lastKnownFileType = sourcecode.c.objc; path = DSKCloseButton.m; sourceTree = "<group>"; };
		65412A7521BEAFF5004CB81D /* DSKSpinnerView.h */ = {isa = PBXFileReference; lastKnownFileType = sourcecode.c.h; path = DSKSpinnerView.h; sourceTree = "<group>"; };
		65412A7621BEAFF5004CB81D /* DSKSpinnerView.m */ = {isa = PBXFileReference; lastKnownFileType = sourcecode.c.objc; path = DSKSpinnerView.m; sourceTree = "<group>"; };
		89E285E46F73092A1F8DA750 /* Pods-DisplayKit.debug.xcconfig */ = {isa = PBXFileReference; includeInIndex = 1; lastKnownFileType = text.xcconfig; name = "Pods-DisplayKit.debug.xcconfig"; path = "../Pods/Target Support Files/Pods-DisplayKit/Pods-DisplayKit.debug.xcconfig"; sourceTree = "<group>"; };
		D96E2531E45F014E659277DC /* Pods_DisplayKit.framework */ = {isa = PBXFileReference; explicitFileType = wrapper.framework; includeInIndex = 0; path = Pods_DisplayKit.framework; sourceTree = BUILT_PRODUCTS_DIR; };
/* End PBXFileReference section */

/* Begin PBXFrameworksBuildPhase section */
		429C194F21600F6B0048F400 /* Frameworks */ = {
			isa = PBXFrameworksBuildPhase;
			buildActionMask = 2147483647;
			files = (
				81B77D84228777CA757C6388 /* Pods_DisplayKit.framework in Frameworks */,
			);
			runOnlyForDeploymentPostprocessing = 0;
		};
/* End PBXFrameworksBuildPhase section */

/* Begin PBXGroup section */
		429C194821600F6B0048F400 = {
			isa = PBXGroup;
			children = (
				429C195421600F6B0048F400 /* DisplayKit */,
				429C195321600F6B0048F400 /* Products */,
				CAB0B6CFB99365C47A7B2560 /* Pods */,
				8B3CDA29E6D3D1B0EB7351EF /* Frameworks */,
			);
			sourceTree = "<group>";
		};
		429C195321600F6B0048F400 /* Products */ = {
			isa = PBXGroup;
			children = (
				429C195221600F6B0048F400 /* DisplayKit.framework */,
			);
			name = Products;
			sourceTree = "<group>";
		};
		429C195421600F6B0048F400 /* DisplayKit */ = {
			isa = PBXGroup;
			children = (
				42C3FD4321620485004D3784 /* Extensions */,
				42C3FD1C21620431004D3784 /* Layout */,
				42C3FD5021620E36004D3784 /* VAST */,
				429C195521600F6B0048F400 /* DisplayKit.h */,
				429C195621600F6B0048F400 /* Info.plist */,
			);
			path = DisplayKit;
			sourceTree = "<group>";
		};
		42C3FD1C21620431004D3784 /* Layout */ = {
			isa = PBXGroup;
			children = (
				42C3FD242162047F004D3784 /* DSKCircleTimerButton.h */,
				42C3FD1F2162047F004D3784 /* DSKCircleTimerButton.m */,
				42C3FD262162047F004D3784 /* DSKConstraint.h */,
				42C3FD252162047F004D3784 /* DSKConstraintMaker.h */,
				42C3FD222162047F004D3784 /* DSKConstraintMaker.m */,
				42C3FD202162047F004D3784 /* DSKConstraintMaker+Private.h */,
				42C3FD2E2162047F004D3784 /* DSKCustomControlLayer.h */,
				42C3FD1E2162047F004D3784 /* DSKCustomControlLayer.m */,
				42C3FD2A2162047F004D3784 /* DSKCustomScenario.h */,
				42C3FD1D2162047F004D3784 /* DSKGeometry.h */,
				42C3FD2F2162047F004D3784 /* DSKGeometry.m */,
				42C3FD2B2162047F004D3784 /* DSKGraphicButton.h */,
				42C3FD272162047F004D3784 /* DSKGraphicButton.m */,
				42C3FD212162047F004D3784 /* DSKVideoPlayer.h */,
				42C3FD2D2162047F004D3784 /* DSKVideoPlayer.m */,
			);
			path = Layout;
			sourceTree = "<group>";
		};
		42C3FD4321620485004D3784 /* Extensions */ = {
			isa = PBXGroup;
			children = (
				65412A7521BEAFF5004CB81D /* DSKSpinnerView.h */,
				65412A7621BEAFF5004CB81D /* DSKSpinnerView.m */,
				652FF25A21886FF400864EBA /* DSKCloseButton.h */,
				652FF25B21886FF400864EBA /* DSKCloseButton.m */,
				6500EE2A21B01D6D00E7D281 /* DSKSplashScreenView.h */,
				6500EE2B21B01D6D00E7D281 /* DSKSplashScreenView.m */,
				652FF25621886FA800864EBA /* DSKSplashScreenController.h */,
				652FF25721886FA800864EBA /* DSKSplashScreenController.m */,
				42C3FD49216204AF004D3784 /* NSString+DSKExtensions.h */,
				42C3FD48216204AF004D3784 /* NSString+DSKExtensions.m */,
				42C3FD46216204AF004D3784 /* DSKThirdPartyEventTracker.h */,
				42C3FD44216204AE004D3784 /* DSKThirdPartyEventTracker.m */,
				42C3FD45216204AE004D3784 /* UIView+DSKConstraint.h */,
				42C3FD47216204AF004D3784 /* UIView+DSKConstraint.m */,
			);
			path = Extensions;
			sourceTree = "<group>";
		};
		42C3FD5021620E36004D3784 /* VAST */ = {
			isa = PBXGroup;
			children = (
				42C3FD7421620E7D004D3784 /* NSError+DSKVAST.m */,
				42C3FD6021620E7C004D3784 /* NSError+DSKVAST.h */,
				42C3FD7221620E7D004D3784 /* DSKSKVAST2Parser.h */,
				42C3FD7921620E7D004D3784 /* DSKSKVAST2Parser.m */,
				42C3FD7621620E7D004D3784 /* DSKSKVASTCompanion.h */,
				42C3FD6321620E7C004D3784 /* DSKSKVASTCompanion.m */,
				42C3FD6B21620E7D004D3784 /* DSKSKVASTMediaFile.h */,
				42C3FD7821620E7D004D3784 /* DSKSKVASTMediaFile.m */,
				42C3FD5B21620E7C004D3784 /* DSKSKVASTModel.h */,
				42C3FD5321620E7C004D3784 /* DSKSKVASTModel.m */,
				42C3FD6A21620E7D004D3784 /* DSKSKVASTUrlWithId.h */,
				42C3FD6421620E7C004D3784 /* DSKSKVASTUrlWithId.m */,
				42C3FD5821620E7C004D3784 /* DSKVASTAutoRotationViewController.h */,
				42C3FD5D21620E7C004D3784 /* DSKVASTAutoRotationViewController.m */,
				42C3FD7521620E7D004D3784 /* DSKVASTCompanion.h */,
				42C3FD6221620E7C004D3784 /* DSKVASTCompanion.m */,
				42C3FD5F21620E7C004D3784 /* DSKVASTCompanion+Private.h */,
				42C3FD5621620E7C004D3784 /* DSKVASTCompanionModel.h */,
				42C3FD7A21620E7D004D3784 /* DSKVASTCompanionModel.m */,
				42C3FD5C21620E7C004D3784 /* DSKVASTCompanionView.h */,
				42C3FD6821620E7D004D3784 /* DSKVASTCompanionView.m */,
				42C3FD6921620E7D004D3784 /* DSKVASTController.h */,
				42C3FD5E21620E7C004D3784 /* DSKVASTController.m */,
				42C3FD5421620E7C004D3784 /* DSKVASTExtension.h */,
				42C3FD5921620E7C004D3784 /* DSKVASTExtension.m */,
				42C3FD7021620E7D004D3784 /* DSKVASTExtensionModel.h */,
				42C3FD6521620E7C004D3784 /* DSKVASTExtensionModel.m */,
				42C3FD7721620E7D004D3784 /* DSKVASTPostbannerController.h */,
				42C3FD6C21620E7D004D3784 /* DSKVASTPostbannerController.m */,
				42C3FD6621620E7C004D3784 /* DSKVASTResourceModel.h */,
				42C3FD5521620E7C004D3784 /* DSKVASTResourceModel.m */,
				42C3FD7121620E7D004D3784 /* DSKVASTSchema.h */,
				42C3FD5221620E7C004D3784 /* DSKVASTSettings.h */,
				42C3FD6721620E7C004D3784 /* DSKVASTSettings.m */,
				42C3FD7321620E7D004D3784 /* DSKVASTTrackingModel.h */,
				42C3FD6121620E7C004D3784 /* DSKVASTTrackingModel.m */,
				42C3FD6D21620E7D004D3784 /* DSKVASTVideoModel.h */,
				42C3FD5A21620E7C004D3784 /* DSKVASTVideoModel.m */,
				42C3FD6E21620E7D004D3784 /* DSKVASTXMLUtil.h */,
				42C3FD6F21620E7D004D3784 /* DSKVASTXMLUtil.m */,
				42C3FD5721620E7C004D3784 /* DSKXMLModel.h */,
				42C3FD5121620E7C004D3784 /* DSKXMLModel.m */,
			);
			path = VAST;
			sourceTree = "<group>";
		};
		8B3CDA29E6D3D1B0EB7351EF /* Frameworks */ = {
			isa = PBXGroup;
			children = (
				424BA2B6219AB84900E2745D /* libBDMMRAIDAdapter.a */,
				424BA2B8219AB84900E2745D /* libBDMNASTAdapter.a */,
				424BA2BA219AB84900E2745D /* libBDMVASTAdapter.a */,
				651D7325218C43350001227B /* AVKit.framework */,
				651D7323218C432B0001227B /* AVFoundation.framework */,
				651D7321218C43000001227B /* SafariServices.framework */,
				D96E2531E45F014E659277DC /* Pods_DisplayKit.framework */,
			);
			name = Frameworks;
			sourceTree = "<group>";
		};
		CAB0B6CFB99365C47A7B2560 /* Pods */ = {
			isa = PBXGroup;
			children = (
				89E285E46F73092A1F8DA750 /* Pods-DisplayKit.debug.xcconfig */,
				1D4F67686A3B8616C67C133F /* Pods-DisplayKit.release.xcconfig */,
			);
			name = Pods;
			sourceTree = "<group>";
		};
/* End PBXGroup section */

/* Begin PBXHeadersBuildPhase section */
		429C194D21600F6B0048F400 /* Headers */ = {
			isa = PBXHeadersBuildPhase;
			buildActionMask = 2147483647;
			files = (
				652FF25C21886FF400864EBA /* DSKCloseButton.h in Headers */,
				42C3FD7E21620E7D004D3784 /* DSKVASTExtension.h in Headers */,
				42C3FDA121620E7D004D3784 /* DSKVASTPostbannerController.h in Headers */,
				42C3FD8021620E7D004D3784 /* DSKVASTCompanionModel.h in Headers */,
				42C3FD3D2162047F004D3784 /* DSKCustomScenario.h in Headers */,
				42C3FD9C21620E7D004D3784 /* DSKSKVAST2Parser.h in Headers */,
				652FF25821886FA800864EBA /* DSKSplashScreenController.h in Headers */,
				42C3FD8121620E7D004D3784 /* DSKXMLModel.h in Headers */,
				42C3FD382162047F004D3784 /* DSKConstraintMaker.h in Headers */,
				42C3FD302162047F004D3784 /* DSKGeometry.h in Headers */,
				42C3FD8A21620E7D004D3784 /* NSError+DSKVAST.h in Headers */,
				42C3FD4C216204AF004D3784 /* DSKThirdPartyEventTracker.h in Headers */,
				42C3FD412162047F004D3784 /* DSKCustomControlLayer.h in Headers */,
				42C3FD372162047F004D3784 /* DSKCircleTimerButton.h in Headers */,
				42C3FD332162047F004D3784 /* DSKConstraintMaker+Private.h in Headers */,
				42C3FD8621620E7D004D3784 /* DSKVASTCompanionView.h in Headers */,
				42C3FD9821620E7D004D3784 /* DSKVASTXMLUtil.h in Headers */,
				42C3FD9321620E7D004D3784 /* DSKVASTController.h in Headers */,
				42C3FD9D21620E7D004D3784 /* DSKVASTTrackingModel.h in Headers */,
				6500EE2C21B01D6D00E7D281 /* DSKSplashScreenView.h in Headers */,
				42C3FD8921620E7D004D3784 /* DSKVASTCompanion+Private.h in Headers */,
				42C3FDA021620E7D004D3784 /* DSKSKVASTCompanion.h in Headers */,
				42C3FD8221620E7D004D3784 /* DSKVASTAutoRotationViewController.h in Headers */,
				42C3FD9F21620E7D004D3784 /* DSKVASTCompanion.h in Headers */,
				42C3FD7C21620E7D004D3784 /* DSKVASTSettings.h in Headers */,
				42C3FD9A21620E7D004D3784 /* DSKVASTExtensionModel.h in Headers */,
				429C195721600F6B0048F400 /* DisplayKit.h in Headers */,
				42C3FD9721620E7D004D3784 /* DSKVASTVideoModel.h in Headers */,
				42C3FD9021620E7D004D3784 /* DSKVASTResourceModel.h in Headers */,
				42C3FD9421620E7D004D3784 /* DSKSKVASTUrlWithId.h in Headers */,
				42C3FD4F216204AF004D3784 /* NSString+DSKExtensions.h in Headers */,
				42C3FD342162047F004D3784 /* DSKVideoPlayer.h in Headers */,
				42C3FD392162047F004D3784 /* DSKConstraint.h in Headers */,
				42C3FD3E2162047F004D3784 /* DSKGraphicButton.h in Headers */,
				42C3FD9521620E7D004D3784 /* DSKSKVASTMediaFile.h in Headers */,
				42C3FD9B21620E7D004D3784 /* DSKVASTSchema.h in Headers */,
				42C3FD4B216204AF004D3784 /* UIView+DSKConstraint.h in Headers */,
				65412A7721BEAFF5004CB81D /* DSKSpinnerView.h in Headers */,
				42C3FD8521620E7D004D3784 /* DSKSKVASTModel.h in Headers */,
			);
			runOnlyForDeploymentPostprocessing = 0;
		};
/* End PBXHeadersBuildPhase section */

/* Begin PBXNativeTarget section */
		429C195121600F6B0048F400 /* DisplayKit */ = {
			isa = PBXNativeTarget;
			buildConfigurationList = 429C195A21600F6B0048F400 /* Build configuration list for PBXNativeTarget "DisplayKit" */;
			buildPhases = (
				62A298645E048301981E2024 /* [CP] Check Pods Manifest.lock */,
				429C194D21600F6B0048F400 /* Headers */,
				429C194E21600F6B0048F400 /* Sources */,
				429C194F21600F6B0048F400 /* Frameworks */,
				429C195021600F6B0048F400 /* Resources */,
			);
			buildRules = (
			);
			dependencies = (
			);
			name = DisplayKit;
			productName = DisplayKit;
			productReference = 429C195221600F6B0048F400 /* DisplayKit.framework */;
			productType = "com.apple.product-type.framework";
		};
/* End PBXNativeTarget section */

/* Begin PBXProject section */
		429C194921600F6B0048F400 /* Project object */ = {
			isa = PBXProject;
			attributes = {
				LastUpgradeCheck = 1010;
				ORGANIZATIONNAME = "Stas Kochkin";
				TargetAttributes = {
					429C195121600F6B0048F400 = {
						CreatedOnToolsVersion = 10.1;
					};
				};
			};
			buildConfigurationList = 429C194C21600F6B0048F400 /* Build configuration list for PBXProject "DisplayKit" */;
			compatibilityVersion = "Xcode 9.3";
			developmentRegion = en;
			hasScannedForEncodings = 0;
			knownRegions = (
				en,
				Base,
			);
			mainGroup = 429C194821600F6B0048F400;
			productRefGroup = 429C195321600F6B0048F400 /* Products */;
			projectDirPath = "";
			projectRoot = "";
			targets = (
				429C195121600F6B0048F400 /* DisplayKit */,
			);
		};
/* End PBXProject section */

/* Begin PBXResourcesBuildPhase section */
		429C195021600F6B0048F400 /* Resources */ = {
			isa = PBXResourcesBuildPhase;
			buildActionMask = 2147483647;
			files = (
			);
			runOnlyForDeploymentPostprocessing = 0;
		};
/* End PBXResourcesBuildPhase section */

/* Begin PBXShellScriptBuildPhase section */
		62A298645E048301981E2024 /* [CP] Check Pods Manifest.lock */ = {
			isa = PBXShellScriptBuildPhase;
			buildActionMask = 2147483647;
			files = (
			);
			inputPaths = (
				"${PODS_PODFILE_DIR_PATH}/Podfile.lock",
				"${PODS_ROOT}/Manifest.lock",
			);
			name = "[CP] Check Pods Manifest.lock";
			outputPaths = (
				"$(DERIVED_FILE_DIR)/Pods-DisplayKit-checkManifestLockResult.txt",
			);
			runOnlyForDeploymentPostprocessing = 0;
			shellPath = /bin/sh;
			shellScript = "diff \"${PODS_PODFILE_DIR_PATH}/Podfile.lock\" \"${PODS_ROOT}/Manifest.lock\" > /dev/null\nif [ $? != 0 ] ; then\n    # print error to STDERR\n    echo \"error: The sandbox is not in sync with the Podfile.lock. Run 'pod install' or update your CocoaPods installation.\" >&2\n    exit 1\nfi\n# This output is used by Xcode 'outputs' to avoid re-running this script phase.\necho \"SUCCESS\" > \"${SCRIPT_OUTPUT_FILE_0}\"\n";
			showEnvVarsInLog = 0;
		};
/* End PBXShellScriptBuildPhase section */

/* Begin PBXSourcesBuildPhase section */
		429C194E21600F6B0048F400 /* Sources */ = {
			isa = PBXSourcesBuildPhase;
			buildActionMask = 2147483647;
			files = (
				42C3FD4A216204AF004D3784 /* DSKThirdPartyEventTracker.m in Sources */,
				42C3FD9E21620E7D004D3784 /* NSError+DSKVAST.m in Sources */,
				42C3FDA221620E7D004D3784 /* DSKSKVASTMediaFile.m in Sources */,
				42C3FD8821620E7D004D3784 /* DSKVASTController.m in Sources */,
				42C3FD8F21620E7D004D3784 /* DSKVASTExtensionModel.m in Sources */,
				42C3FD8321620E7D004D3784 /* DSKVASTExtension.m in Sources */,
				42C3FD312162047F004D3784 /* DSKCustomControlLayer.m in Sources */,
				42C3FD8B21620E7D004D3784 /* DSKVASTTrackingModel.m in Sources */,
				42C3FD8421620E7D004D3784 /* DSKVASTVideoModel.m in Sources */,
				42C3FD9621620E7D004D3784 /* DSKVASTPostbannerController.m in Sources */,
				42C3FD9221620E7D004D3784 /* DSKVASTCompanionView.m in Sources */,
				42C3FD4E216204AF004D3784 /* NSString+DSKExtensions.m in Sources */,
				42C3FD352162047F004D3784 /* DSKConstraintMaker.m in Sources */,
				42C3FD8E21620E7D004D3784 /* DSKSKVASTUrlWithId.m in Sources */,
				652FF25921886FA800864EBA /* DSKSplashScreenController.m in Sources */,
				42C3FD9921620E7D004D3784 /* DSKVASTXMLUtil.m in Sources */,
				42C3FD4D216204AF004D3784 /* UIView+DSKConstraint.m in Sources */,
				42C3FD8721620E7D004D3784 /* DSKVASTAutoRotationViewController.m in Sources */,
				42C3FD7F21620E7D004D3784 /* DSKVASTResourceModel.m in Sources */,
				42C3FD7B21620E7D004D3784 /* DSKXMLModel.m in Sources */,
				42C3FD7D21620E7D004D3784 /* DSKSKVASTModel.m in Sources */,
				42C3FD322162047F004D3784 /* DSKCircleTimerButton.m in Sources */,
				42C3FD422162047F004D3784 /* DSKGeometry.m in Sources */,
				42C3FD402162047F004D3784 /* DSKVideoPlayer.m in Sources */,
				6500EE2D21B01D6D00E7D281 /* DSKSplashScreenView.m in Sources */,
				42C3FD9121620E7D004D3784 /* DSKVASTSettings.m in Sources */,
				42C3FDA421620E7D004D3784 /* DSKVASTCompanionModel.m in Sources */,
				42C3FD8D21620E7D004D3784 /* DSKSKVASTCompanion.m in Sources */,
				42C3FDA321620E7D004D3784 /* DSKSKVAST2Parser.m in Sources */,
				652FF25D21886FF400864EBA /* DSKCloseButton.m in Sources */,
				42C3FD8C21620E7D004D3784 /* DSKVASTCompanion.m in Sources */,
				42C3FD3A2162047F004D3784 /* DSKGraphicButton.m in Sources */,
				65412A7821BEAFF5004CB81D /* DSKSpinnerView.m in Sources */,
			);
			runOnlyForDeploymentPostprocessing = 0;
		};
/* End PBXSourcesBuildPhase section */

/* Begin XCBuildConfiguration section */
		429C195821600F6B0048F400 /* Debug */ = {
			isa = XCBuildConfiguration;
			buildSettings = {
				ALWAYS_SEARCH_USER_PATHS = NO;
				CLANG_ANALYZER_NONNULL = YES;
				CLANG_ANALYZER_NUMBER_OBJECT_CONVERSION = YES_AGGRESSIVE;
				CLANG_CXX_LANGUAGE_STANDARD = "gnu++14";
				CLANG_CXX_LIBRARY = "libc++";
				CLANG_ENABLE_MODULES = YES;
				CLANG_ENABLE_OBJC_ARC = YES;
				CLANG_ENABLE_OBJC_WEAK = YES;
				CLANG_WARN_BLOCK_CAPTURE_AUTORELEASING = YES;
				CLANG_WARN_BOOL_CONVERSION = YES;
				CLANG_WARN_COMMA = YES;
				CLANG_WARN_CONSTANT_CONVERSION = YES;
				CLANG_WARN_DEPRECATED_OBJC_IMPLEMENTATIONS = YES;
				CLANG_WARN_DIRECT_OBJC_ISA_USAGE = YES_ERROR;
				CLANG_WARN_DOCUMENTATION_COMMENTS = YES;
				CLANG_WARN_EMPTY_BODY = YES;
				CLANG_WARN_ENUM_CONVERSION = YES;
				CLANG_WARN_INFINITE_RECURSION = YES;
				CLANG_WARN_INT_CONVERSION = YES;
				CLANG_WARN_NON_LITERAL_NULL_CONVERSION = YES;
				CLANG_WARN_OBJC_IMPLICIT_RETAIN_SELF = YES;
				CLANG_WARN_OBJC_LITERAL_CONVERSION = YES;
				CLANG_WARN_OBJC_ROOT_CLASS = YES_ERROR;
				CLANG_WARN_RANGE_LOOP_ANALYSIS = YES;
				CLANG_WARN_STRICT_PROTOTYPES = YES;
				CLANG_WARN_SUSPICIOUS_MOVE = YES;
				CLANG_WARN_UNGUARDED_AVAILABILITY = YES_AGGRESSIVE;
				CLANG_WARN_UNREACHABLE_CODE = YES;
				CLANG_WARN__DUPLICATE_METHOD_MATCH = YES;
				CODE_SIGN_IDENTITY = "iPhone Developer";
				COPY_PHASE_STRIP = NO;
				CURRENT_PROJECT_VERSION = 1;
				DEBUG_INFORMATION_FORMAT = dwarf;
				ENABLE_STRICT_OBJC_MSGSEND = YES;
				ENABLE_TESTABILITY = YES;
				GCC_C_LANGUAGE_STANDARD = gnu11;
				GCC_DYNAMIC_NO_PIC = NO;
				GCC_NO_COMMON_BLOCKS = YES;
				GCC_OPTIMIZATION_LEVEL = 0;
				GCC_PREPROCESSOR_DEFINITIONS = (
					"DEBUG=1",
					"$(inherited)",
				);
				GCC_WARN_64_TO_32_BIT_CONVERSION = YES;
				GCC_WARN_ABOUT_RETURN_TYPE = YES_ERROR;
				GCC_WARN_UNDECLARED_SELECTOR = YES;
				GCC_WARN_UNINITIALIZED_AUTOS = YES_AGGRESSIVE;
				GCC_WARN_UNUSED_FUNCTION = YES;
				GCC_WARN_UNUSED_VARIABLE = YES;
				IPHONEOS_DEPLOYMENT_TARGET = 12.1;
				MTL_ENABLE_DEBUG_INFO = INCLUDE_SOURCE;
				MTL_FAST_MATH = YES;
				ONLY_ACTIVE_ARCH = YES;
				SDKROOT = iphoneos;
				VERSIONING_SYSTEM = "apple-generic";
				VERSION_INFO_PREFIX = "";
			};
			name = Debug;
		};
		429C195921600F6B0048F400 /* Release */ = {
			isa = XCBuildConfiguration;
			buildSettings = {
				ALWAYS_SEARCH_USER_PATHS = NO;
				CLANG_ANALYZER_NONNULL = YES;
				CLANG_ANALYZER_NUMBER_OBJECT_CONVERSION = YES_AGGRESSIVE;
				CLANG_CXX_LANGUAGE_STANDARD = "gnu++14";
				CLANG_CXX_LIBRARY = "libc++";
				CLANG_ENABLE_MODULES = YES;
				CLANG_ENABLE_OBJC_ARC = YES;
				CLANG_ENABLE_OBJC_WEAK = YES;
				CLANG_WARN_BLOCK_CAPTURE_AUTORELEASING = YES;
				CLANG_WARN_BOOL_CONVERSION = YES;
				CLANG_WARN_COMMA = YES;
				CLANG_WARN_CONSTANT_CONVERSION = YES;
				CLANG_WARN_DEPRECATED_OBJC_IMPLEMENTATIONS = YES;
				CLANG_WARN_DIRECT_OBJC_ISA_USAGE = YES_ERROR;
				CLANG_WARN_DOCUMENTATION_COMMENTS = YES;
				CLANG_WARN_EMPTY_BODY = YES;
				CLANG_WARN_ENUM_CONVERSION = YES;
				CLANG_WARN_INFINITE_RECURSION = YES;
				CLANG_WARN_INT_CONVERSION = YES;
				CLANG_WARN_NON_LITERAL_NULL_CONVERSION = YES;
				CLANG_WARN_OBJC_IMPLICIT_RETAIN_SELF = YES;
				CLANG_WARN_OBJC_LITERAL_CONVERSION = YES;
				CLANG_WARN_OBJC_ROOT_CLASS = YES_ERROR;
				CLANG_WARN_RANGE_LOOP_ANALYSIS = YES;
				CLANG_WARN_STRICT_PROTOTYPES = YES;
				CLANG_WARN_SUSPICIOUS_MOVE = YES;
				CLANG_WARN_UNGUARDED_AVAILABILITY = YES_AGGRESSIVE;
				CLANG_WARN_UNREACHABLE_CODE = YES;
				CLANG_WARN__DUPLICATE_METHOD_MATCH = YES;
				CODE_SIGN_IDENTITY = "iPhone Developer";
				COPY_PHASE_STRIP = NO;
				CURRENT_PROJECT_VERSION = 1;
				DEBUG_INFORMATION_FORMAT = "dwarf-with-dsym";
				ENABLE_NS_ASSERTIONS = NO;
				ENABLE_STRICT_OBJC_MSGSEND = YES;
				GCC_C_LANGUAGE_STANDARD = gnu11;
				GCC_NO_COMMON_BLOCKS = YES;
				GCC_WARN_64_TO_32_BIT_CONVERSION = YES;
				GCC_WARN_ABOUT_RETURN_TYPE = YES_ERROR;
				GCC_WARN_UNDECLARED_SELECTOR = YES;
				GCC_WARN_UNINITIALIZED_AUTOS = YES_AGGRESSIVE;
				GCC_WARN_UNUSED_FUNCTION = YES;
				GCC_WARN_UNUSED_VARIABLE = YES;
				IPHONEOS_DEPLOYMENT_TARGET = 12.1;
				MTL_ENABLE_DEBUG_INFO = NO;
				MTL_FAST_MATH = YES;
				SDKROOT = iphoneos;
				VALIDATE_PRODUCT = YES;
				VERSIONING_SYSTEM = "apple-generic";
				VERSION_INFO_PREFIX = "";
			};
			name = Release;
		};
		429C195B21600F6B0048F400 /* Debug */ = {
			isa = XCBuildConfiguration;
			baseConfigurationReference = 89E285E46F73092A1F8DA750 /* Pods-DisplayKit.debug.xcconfig */;
			buildSettings = {
				CLANG_CXX_LANGUAGE_STANDARD = "compiler-default";
				CLANG_MODULES_AUTOLINK = NO;
				CODE_SIGN_IDENTITY = "";
				CODE_SIGN_STYLE = Automatic;
				DEFINES_MODULE = YES;
				DEVELOPMENT_TEAM = WG4VFF78ZM;
				DYLIB_COMPATIBILITY_VERSION = 1;
				DYLIB_CURRENT_VERSION = 1;
				DYLIB_INSTALL_NAME_BASE = "@rpath";
				GCC_C_LANGUAGE_STANDARD = "compiler-default";
				GCC_PREFIX_HEADER = "";
				HEADER_SEARCH_PATHS = (
					"$(inherited)",
					"\"${PODS_ROOT}/Headers/Public\"",
					"\"${PODS_ROOT}/Headers/Public/AppodealSupportedModules\"",
					"\"${PODS_ROOT}/Headers/Public/Expecta\"",
					"\"${PODS_ROOT}/Headers/Public/NexageSourceKitMRAID\"",
					"\"${PODS_ROOT}/Headers/Public/OCHamcrest\"",
					"\"${PODS_ROOT}/Headers/Public/OCMockito\"",
					"\"${PODS_ROOT}/Headers/Public/Specta\"",
					"${SDKROOT}/usr/include/libxml2",
					"\"$(SRCROOT)/../Pods/Target\\ Support\\ Files/Namespaced\\ Dependencies\"",
				);
				INFOPLIST_FILE = DisplayKit/Info.plist;
				INSTALL_PATH = "$(LOCAL_LIBRARY_DIR)/Frameworks";
				IPHONEOS_DEPLOYMENT_TARGET = 9.0;
				LD_RUNPATH_SEARCH_PATHS = (
					"$(inherited)",
					"@executable_path/Frameworks",
					"@loader_path/Frameworks",
				);
				MACH_O_TYPE = staticlib;
				ONLY_ACTIVE_ARCH = NO;
				OTHER_LDFLAGS = (
					"$(inherited)",
					"-ObjC",
					"-framework",
					"\"ASKDiskUtils\"",
					"-framework",
					"\"ASKExtension\"",
					"-framework",
					"\"ASKLogger\"",
					"-framework",
					"\"ASKProductPresentation\"",
					"-framework",
					"\"ASKSpinner\"",
					"-framework",
					"\"ASKViewabilityTracker\"",
					"-framework",
					"\"NexageSourceKitMRAID\"",
					"-lz",
				);
				PRODUCT_BUNDLE_IDENTIFIER = appodeal.DisplayKit;
				PRODUCT_NAME = "$(TARGET_NAME:c99extidentifier)";
				SKIP_INSTALL = YES;
				TARGETED_DEVICE_FAMILY = "1,2";
			};
			name = Debug;
		};
		429C195C21600F6B0048F400 /* Release */ = {
			isa = XCBuildConfiguration;
			baseConfigurationReference = 1D4F67686A3B8616C67C133F /* Pods-DisplayKit.release.xcconfig */;
			buildSettings = {
				CLANG_CXX_LANGUAGE_STANDARD = "compiler-default";
				CLANG_MODULES_AUTOLINK = NO;
				CODE_SIGN_IDENTITY = "";
				CODE_SIGN_STYLE = Automatic;
				DEFINES_MODULE = YES;
				DEVELOPMENT_TEAM = WG4VFF78ZM;
				DYLIB_COMPATIBILITY_VERSION = 1;
				DYLIB_CURRENT_VERSION = 1;
				DYLIB_INSTALL_NAME_BASE = "@rpath";
				GCC_C_LANGUAGE_STANDARD = "compiler-default";
				GCC_PREFIX_HEADER = "";
				HEADER_SEARCH_PATHS = (
					"$(inherited)",
					"\"${PODS_ROOT}/Headers/Public\"",
					"\"${PODS_ROOT}/Headers/Public/AppodealSupportedModules\"",
					"\"${PODS_ROOT}/Headers/Public/Expecta\"",
					"\"${PODS_ROOT}/Headers/Public/NexageSourceKitMRAID\"",
					"\"${PODS_ROOT}/Headers/Public/OCHamcrest\"",
					"\"${PODS_ROOT}/Headers/Public/OCMockito\"",
					"\"${PODS_ROOT}/Headers/Public/Specta\"",
					"${SDKROOT}/usr/include/libxml2",
					"\"$(SRCROOT)/../Pods/Target\\ Support\\ Files/Namespaced\\ Dependencies\"",
				);
				INFOPLIST_FILE = DisplayKit/Info.plist;
				INSTALL_PATH = "$(LOCAL_LIBRARY_DIR)/Frameworks";
				IPHONEOS_DEPLOYMENT_TARGET = 9.0;
				LD_RUNPATH_SEARCH_PATHS = (
					"$(inherited)",
					"@executable_path/Frameworks",
					"@loader_path/Frameworks",
				);
				MACH_O_TYPE = staticlib;
				OTHER_LDFLAGS = (
					"$(inherited)",
					"-ObjC",
					"-framework",
					"\"ASKDiskUtils\"",
					"-framework",
					"\"ASKExtension\"",
					"-framework",
					"\"ASKLogger\"",
					"-framework",
					"\"ASKProductPresentation\"",
					"-framework",
					"\"ASKSpinner\"",
					"-framework",
					"\"ASKViewabilityTracker\"",
					"-framework",
					"\"NexageSourceKitMRAID\"",
					"-lz",
				);
				PRODUCT_BUNDLE_IDENTIFIER = appodeal.DisplayKit;
				PRODUCT_NAME = "$(TARGET_NAME:c99extidentifier)";
				SKIP_INSTALL = YES;
				TARGETED_DEVICE_FAMILY = "1,2";
			};
			name = Release;
		};
/* End XCBuildConfiguration section */

/* Begin XCConfigurationList section */
		429C194C21600F6B0048F400 /* Build configuration list for PBXProject "DisplayKit" */ = {
			isa = XCConfigurationList;
			buildConfigurations = (
				429C195821600F6B0048F400 /* Debug */,
				429C195921600F6B0048F400 /* Release */,
			);
			defaultConfigurationIsVisible = 0;
			defaultConfigurationName = Release;
		};
		429C195A21600F6B0048F400 /* Build configuration list for PBXNativeTarget "DisplayKit" */ = {
			isa = XCConfigurationList;
			buildConfigurations = (
				429C195B21600F6B0048F400 /* Debug */,
				429C195C21600F6B0048F400 /* Release */,
			);
			defaultConfigurationIsVisible = 0;
			defaultConfigurationName = Release;
		};
/* End XCConfigurationList section */
	};
	rootObject = 429C194921600F6B0048F400 /* Project object */;
}
